Microsoft Visual Studio Solution File, Format Version 12.00
# Visual Studio Version 17
VisualStudioVersion = 17.0.31903.59
MinimumVisualStudioVersion = 10.0.40219.1
Project("{2150E333-8FDC-42A3-9474-1A3956D46DE8}") = "src", "src", "{8FD1FFD7-F354-4B11-851F-FA7CB39A313C}"
EndProject
Project("{2150E333-8FDC-42A3-9474-1A3956D46DE8}") = "test", "test", "{2D12D63F-FBB1-4D52-872D-3BEA0BD06E67}"
EndProject
Project("{2150E333-8FDC-42A3-9474-1A3956D46DE8}") = "docs", "docs", "{AE6EF127-4F9D-463E-AFEB-3AA3D464F645}"
	ProjectSection(SolutionItems) = preProject
		docs\CONVENTIONS.md = docs\CONVENTIONS.md
		docs\DOCUMENTATION_STATUS.md = docs\DOCUMENTATION_STATUS.md
		docs\FILE_INVENTORY.md = docs\FILE_INVENTORY.md
		docs\QUICK_START_GUIDE.md = docs\QUICK_START_GUIDE.md
		docs\README.md = docs\README.md
		docs\SESSION_COMPLETION.md = docs\SESSION_COMPLETION.md
		docs\SITEMAP.md = docs\SITEMAP.md
	EndProjectSection
EndProject
Project("{2150E333-8FDC-42A3-9474-1A3956D46DE8}") = "MyApp.Billing", "MyApp.Billing", "{DA8A6239-8186-7DE3-C3B6-2054A9185D22}"
EndProject
Project("{2150E333-8FDC-42A3-9474-1A3956D46DE8}") = "MyApp.Inventory", "MyApp.Inventory", "{B2E5D1A3-7F2C-4E8A-9C1B-5F3E2D8A1B4C}"
EndProject
Project("{2150E333-8FDC-42A3-9474-1A3956D46DE8}") = "MyApp.Orders", "MyApp.Orders", "{C7F9E2B4-8A3D-4F5C-1D2E-6F4F3E9B2C5D}"
EndProject
Project("{2150E333-8FDC-42A3-9474-1A3956D46DE8}") = "MyApp.Purchasing", "MyApp.Purchasing", "{D8A0F3C5-9B4E-5A6D-2E3F-7B5A4F0C3D6E}"
EndProject
Project("{2150E333-8FDC-42A3-9474-1A3956D46DE8}") = "MyApp.Sales", "MyApp.Sales", "{E9B1A4D6-0C5F-6B7E-3F4A-8C6B5A1D4E7F}"
EndProject
Project("{2150E333-8FDC-42A3-9474-1A3956D46DE8}") = "MyApp.Shared", "MyApp.Shared", "{F0C2B5E7-1D6A-7C8F-4A5B-9D7C6B2E5F8A}"
EndProject
Project("{2150E333-8FDC-42A3-9474-1A3956D46DE8}") = "MyApp.Auth", "MyApp.Auth", "{A1D3C6F8-2E7B-8D9A-5B6C-0E8D7C3F6A9B}"
EndProject
Project("{9A19103F-16F7-4668-BE54-9A1E7A4F7556}") = "MyApp.Billing.API", "src\MyApp.Billing\MyApp.Billing.API\MyApp.Billing.API.csproj", "{59F1D985-5835-4410-9384-636585CFEAA3}"
EndProject
Project("{9A19103F-16F7-4668-BE54-9A1E7A4F7556}") = "MyApp.Billing.Application", "src\MyApp.Billing\MyApp.Billing.Application\MyApp.Billing.Application.csproj", "{73887628-D2F2-41A2-B713-886F63EB84B4}"
EndProject
Project("{9A19103F-16F7-4668-BE54-9A1E7A4F7556}") = "MyApp.Billing.Application.Contracts", "src\MyApp.Billing\MyApp.Billing.Application.Contracts\MyApp.Billing.Application.Contracts.csproj", "{60E6CF27-C6AB-45FF-A301-873C332E65F5}"
EndProject
Project("{FAE04EC0-301F-11D3-BF4B-00C04F79EFBC}") = "MyApp.Billing.Domain", "src\MyApp.Billing\MyApp.Billing.Domain\MyApp.Billing.Domain.csproj", "{16A5CAED-07E2-42A4-AAFC-602F040C34F4}"
EndProject
Project("{9A19103F-16F7-4668-BE54-9A1E7A4F7556}") = "MyApp.Billing.Infrastructure", "src\MyApp.Billing\MyApp.Billing.Infrastructure\MyApp.Billing.Infrastructure.csproj", "{BA8DF615-84F0-4AA2-9857-B701151A80FB}"
EndProject
Project("{9A19103F-16F7-4668-BE54-9A1E7A4F7556}") = "MyApp.Inventory.API", "src\MyApp.Inventory\MyApp.Inventory.API\MyApp.Inventory.API.csproj", "{E30A6086-C8A2-4C9C-AE00-942DAD5C29F2}"
EndProject
Project("{9A19103F-16F7-4668-BE54-9A1E7A4F7556}") = "MyApp.Inventory.Application", "src\MyApp.Inventory\MyApp.Inventory.Application\MyApp.Inventory.Application.csproj", "{6B811F5E-9D2F-4395-9290-B7975E350031}"
EndProject
Project("{9A19103F-16F7-4668-BE54-9A1E7A4F7556}") = "MyApp.Inventory.Application.Contracts", "src\MyApp.Inventory\MyApp.Inventory.Application.Contracts\MyApp.Inventory.Application.Contracts.csproj", "{DEF55DDF-FB59-4F79-84B6-323775F22A8B}"
EndProject
Project("{9A19103F-16F7-4668-BE54-9A1E7A4F7556}") = "MyApp.Inventory.Domain", "src\MyApp.Inventory\MyApp.Inventory.Domain\MyApp.Inventory.Domain.csproj", "{333EF770-1CD8-4752-ADC9-98602E1AFFB2}"
EndProject
Project("{9A19103F-16F7-4668-BE54-9A1E7A4F7556}") = "MyApp.Inventory.Infrastructure", "src\MyApp.Inventory\MyApp.Inventory.Infrastructure\MyApp.Inventory.Infrastructure.csproj", "{F31C27D1-6928-450A-9C5E-909E7DDF9F3E}"
EndProject
Project("{9A19103F-16F7-4668-BE54-9A1E7A4F7556}") = "MyApp.Orders.API", "src\MyApp.Orders\MyApp.Orders.API\MyApp.Orders.API.csproj", "{E82B935A-722F-4581-AC16-89911DD49645}"
EndProject
Project("{9A19103F-16F7-4668-BE54-9A1E7A4F7556}") = "MyApp.Orders.Application", "src\MyApp.Orders\MyApp.Orders.Application\MyApp.Orders.Application.csproj", "{671951D1-6B84-4D2F-BC3E-475FA5201C97}"
EndProject
Project("{9A19103F-16F7-4668-BE54-9A1E7A4F7556}") = "MyApp.Orders.Application.Contracts", "src\MyApp.Orders\MyApp.Orders.Application.Contracts\MyApp.Orders.Application.Contracts.csproj", "{3846DC1C-123B-4B75-81D3-586E122F46A6}"
EndProject
Project("{9A19103F-16F7-4668-BE54-9A1E7A4F7556}") = "MyApp.Orders.Domain", "src\MyApp.Orders\MyApp.Orders.Domain\MyApp.Orders.Domain.csproj", "{268B839D-7AA0-47A2-A3C8-3AF593E47C6D}"
EndProject
Project("{9A19103F-16F7-4668-BE54-9A1E7A4F7556}") = "MyApp.Orders.Infrastructure", "src\MyApp.Orders\MyApp.Orders.Infrastructure\MyApp.Orders.Infrastructure.csproj", "{9ABDFD1A-287B-426F-AAE4-67DCA45A3D10}"
EndProject
Project("{9A19103F-16F7-4668-BE54-9A1E7A4F7556}") = "MyApp.Purchasing.API", "src\MyApp.Purchasing\MyApp.Purchasing.API\MyApp.Purchasing.API.csproj", "{E945FD0B-8CF0-4AF8-A416-531243C6FD0B}"
EndProject
Project("{9A19103F-16F7-4668-BE54-9A1E7A4F7556}") = "MyApp.Purchasing.Application", "src\MyApp.Purchasing\MyApp.Purchasing.Application\MyApp.Purchasing.Application.csproj", "{68BB8BFA-3E5B-41D9-A7EF-8DCF1687AE9D}"
EndProject
Project("{FAE04EC0-301F-11D3-BF4B-00C04F79EFBC}") = "MyApp.Purchasing.Application.Contracts", "src\MyApp.Purchasing\MyApp.Purchasing.Application.Contracts\MyApp.Purchasing.Application.Contracts.csproj", "{2B678F61-A197-4A90-BD89-DBCE474016E3}"
EndProject
Project("{FAE04EC0-301F-11D3-BF4B-00C04F79EFBC}") = "MyApp.Purchasing.Domain", "src\MyApp.Purchasing\MyApp.Purchasing.Domain\MyApp.Purchasing.Domain.csproj", "{E7D8335C-6742-4BF8-811C-9132CCDEFD7B}"
EndProject
Project("{FAE04EC0-301F-11D3-BF4B-00C04F79EFBC}") = "MyApp.Purchasing.Infrastructure", "src\MyApp.Purchasing\MyApp.Purchasing.Infrastructure\MyApp.Purchasing.Infrastructure.csproj", "{D985B70F-A09E-4102-809B-79BE5618D6E3}"
EndProject
Project("{9A19103F-16F7-4668-BE54-9A1E7A4F7556}") = "MyApp.Sales.API", "src\MyApp.Sales\MyApp.Sales.API\MyApp.Sales.API.csproj", "{4AFE4E65-C1C4-4B2A-8D75-99CBAAA206AC}"
EndProject
Project("{9A19103F-16F7-4668-BE54-9A1E7A4F7556}") = "MyApp.Sales.Application", "src\MyApp.Sales\MyApp.Sales.Application\MyApp.Sales.Application.csproj", "{2E8E2383-2762-4E8D-802E-3EAB9FBB8F77}"
EndProject
Project("{9A19103F-16F7-4668-BE54-9A1E7A4F7556}") = "MyApp.Sales.Application.Contracts", "src\MyApp.Sales\MyApp.Sales.Application.Contracts\MyApp.Sales.Application.Contracts.csproj", "{B3FC2AED-999A-4EAB-9510-02A7CCEF1D95}"
EndProject
Project("{9A19103F-16F7-4668-BE54-9A1E7A4F7556}") = "MyApp.Sales.Domain", "src\MyApp.Sales\MyApp.Sales.Domain\MyApp.Sales.Domain.csproj", "{3EEC8C3C-289C-4237-91FD-01BC5A3A9C05}"
EndProject
Project("{9A19103F-16F7-4668-BE54-9A1E7A4F7556}") = "MyApp.Sales.Infrastructure", "src\MyApp.Sales\MyApp.Sales.Infrastructure\MyApp.Sales.Infrastructure.csproj", "{09EDD0A5-7E25-40FA-800F-677AEC06133B}"
EndProject
Project("{FAE04EC0-301F-11D3-BF4B-00C04F79EFBC}") = "MyApp.Shared.CQRS", "src\MyApp.Shared\MyApp.Shared.CQRS\MyApp.Shared.CQRS.csproj", "{B8522FEF-1678-4393-BD07-EAF9D475CDEC}"
EndProject
Project("{9A19103F-16F7-4668-BE54-9A1E7A4F7556}") = "MyApp.Shared.Domain", "src\MyApp.Shared\MyApp.Shared.Domain\MyApp.Shared.Domain.csproj", "{717B9063-FFD2-4290-97B8-4E6BF2A5882F}"
EndProject
Project("{FAE04EC0-301F-11D3-BF4B-00C04F79EFBC}") = "MyApp.Shared.SignalR", "src\MyApp.Shared\MyApp.Shared.SignalR\MyApp.Shared.SignalR.csproj", "{0AACE7F0-E73C-45B8-9E67-564E97A5F86C}"
EndProject
Project("{FAE04EC0-301F-11D3-BF4B-00C04F79EFBC}") = "ErpApiGateway", "src\ErpApiGateway\ErpApiGateway.csproj", "{EDB41344-7520-7143-BF41-322BCC76890F}"
EndProject
Project("{FAE04EC0-301F-11D3-BF4B-00C04F79EFBC}") = "AppHost", "src\AppHost\AppHost.csproj", "{429007E7-939B-4B10-AF2E-362559E72FCF}"
EndProject
Project("{9A19103F-16F7-4668-BE54-9A1E7A4F7556}") = "MyApp.Auth.API", "src\MyApp.Auth\MyApp.Auth.API\MyApp.Auth.API.csproj", "{5C1AB00F-2737-F193-60DC-7AC5A0CE66A6}"
EndProject
Project("{9A19103F-16F7-4668-BE54-9A1E7A4F7556}") = "MyApp.Auth.Application", "src\MyApp.Auth\MyApp.Auth.Application\MyApp.Auth.Application.csproj", "{59D14520-6974-4BFE-E1AC-5A48900545EF}"
EndProject
Project("{9A19103F-16F7-4668-BE54-9A1E7A4F7556}") = "MyApp.Auth.Application.Contracts", "src\MyApp.Auth\MyApp.Auth.Application.Contracts\MyApp.Auth.Application.Contracts.csproj", "{894104D6-A8C1-BDD4-6B38-4AA6ACFBA5C3}"
EndProject
Project("{FAE04EC0-301F-11D3-BF4B-00C04F79EFBC}") = "MyApp.Auth.Domain", "src\MyApp.Auth\MyApp.Auth.Domain\MyApp.Auth.Domain.csproj", "{905F97F2-2375-6994-998F-0C544E24F06C}"
EndProject
Project("{FAE04EC0-301F-11D3-BF4B-00C04F79EFBC}") = "MyApp.Auth.Infrastructure", "src\MyApp.Auth\MyApp.Auth.Infrastructure\MyApp.Auth.Infrastructure.csproj", "{E055C054-E322-9A3B-82AE-3CCA635A747E}"
EndProject
Project("{FAE04EC0-301F-11D3-BF4B-00C04F79EFBC}") = "MyApp.Shared.Infrastructure", "src\MyApp.Shared\MyApp.Shared.Infrastructure\MyApp.Shared.Infrastructure.csproj", "{F5E8B3F7-6A4A-F771-635F-6B8359E1A398}"
EndProject
Project("{FAE04EC0-301F-11D3-BF4B-00C04F79EFBC}") = "AppHost.Tests", "src\AppHost.Tests\AppHost.Tests.csproj", "{F9F554A1-843D-41E1-B43F-CFC620461B0F}"
EndProject
Project("{FAE04EC0-301F-11D3-BF4B-00C04F79EFBC}") = "Myapp.Shared.Tests", "test\Myapp.Shared.Tests\Myapp.Shared.Tests.csproj", "{6CE7CB9E-84C4-4461-8123-A566EFC804A7}"
EndProject
Project("{2150E333-8FDC-42A3-9474-1A3956D46DE8}") = "Solution Items", "Solution Items", "{8EC462FD-D22E-90A8-E5CE-7E832BA40C5D}"
	ProjectSection(SolutionItems) = preProject
		global.json = global.json
	EndProjectSection
EndProject
Project("{FAE04EC0-301F-11D3-BF4B-00C04F79EFBC}") = "MyApp.Sales.Infrastructure.Tests", "src\MyApp.Sales\test\MyApp.Sales.Infrastructure.Tests\MyApp.Sales.Infrastructure.Tests.csproj", "{6EEDAF65-E553-4FA5-9521-076002EDCB0A}"
EndProject
Project("{FAE04EC0-301F-11D3-BF4B-00C04F79EFBC}") = "MyApp.Inventory.Infrastructure.Tests", "src\MyApp.Inventory\test\MyApp.Inventory.Infrastructure.Tests\MyApp.Inventory.Infrastructure.Tests.csproj", "{796432E6-1447-4BE9-A36C-ACE5A0AB6FC3}"
EndProject
Project("{FAE04EC0-301F-11D3-BF4B-00C04F79EFBC}") = "MyApp.Orders.Infrastructure.Tests", "src\MyApp.Orders\test\MyApp.Orders.Infrastructure.Tests\MyApp.Orders.Infrastructure.Tests.csproj", "{43B76DF6-FEF4-4E88-8A3B-86A24026CDEA}"
EndProject
Project("{FAE04EC0-301F-11D3-BF4B-00C04F79EFBC}") = "MyApp.Purchasing.Infrastructure.Tests", "src\MyApp.Purchasing\test\MyApp.Purchasing.Infrastructure.Tests\MyApp.Purchasing.Infrastructure.Tests.csproj", "{77A8FAB3-34C4-4D6D-9D76-6FE93F575516}"
EndProject
Project("{FAE04EC0-301F-11D3-BF4B-00C04F79EFBC}") = "MyApp.Inventory.Application.Tests", "src\MyApp.Inventory\test\MyApp.Inventory.Application.Tests\MyApp.Inventory.Application.Tests.csproj", "{44ED4ADE-4ACC-0774-B997-C40447A4FD9A}"
EndProject
Project("{FAE04EC0-301F-11D3-BF4B-00C04F79EFBC}") = "MyApp.Orders.Application.Tests", "src\MyApp.Orders\test\MyApp.Orders.Application.Tests\MyApp.Orders.Application.Tests.csproj", "{9D9250A7-87A8-3BB0-1809-87353CE8A07D}"
EndProject
Project("{FAE04EC0-301F-11D3-BF4B-00C04F79EFBC}") = "MyApp.Purchasing.Application.Tests", "src\MyApp.Purchasing\test\MyApp.Purchasing.Application.Tests\MyApp.Purchasing.Application.Tests.csproj", "{FC39D78C-777A-5478-633A-9FF5A26D5640}"
EndProject
Project("{FAE04EC0-301F-11D3-BF4B-00C04F79EFBC}") = "MyApp.Sales.Application.Tests", "src\MyApp.Sales\test\MyApp.Sales.Application.Tests\MyApp.Sales.Application.Tests.csproj", "{FD2AF1DF-6B89-5C41-741B-244DA2DDBEC3}"
EndProject
Project("{FAE04EC0-301F-11D3-BF4B-00C04F79EFBC}") = "MyApp.Auth.Infrastructure.Tests", "src\MyApp.Auth\test\MyApp.Auth.Infrastructure.Tests\MyApp.Auth.Infrastructure.Tests.csproj", "{AB18B45E-93F0-B650-5FA5-F8FD6E07BA2D}"
EndProject
Project("{FAE04EC0-301F-11D3-BF4B-00C04F79EFBC}") = "MyApp.Auth.Application.Tests", "src\MyApp.Auth\test\MyApp.Auth.Application.Tests\MyApp.Auth.Application.Tests.csproj", "{7579DEFE-B845-5C4A-EAA4-52B46CA03634}"
EndProject
Project("{E53339B2-1760-4266-BCC7-CA923CBCF16C}") = "docker-compose", "docker-compose.dcproj", "{81DDED9D-158B-E303-5F62-77A2896D2A5A}"
EndProject
Project("{2150E333-8FDC-42A3-9474-1A3956D46DE8}") = "architecture", "docs\architecture", "{4A75EFB0-7D55-4AA1-908F-CA086F404AA1}"
	ProjectSection(SolutionItems) = preProject
		docs\architecture\ARCHITECTURE_DOCUMENTATION.md = docs\architecture\ARCHITECTURE_DOCUMENTATION.md
		docs\architecture\DEPENDENCY_MAPPING.md = docs\architecture\DEPENDENCY_MAPPING.md
		docs\architecture\README.md = docs\architecture\README.md
	EndProjectSection
EndProject
Project("{2150E333-8FDC-42A3-9474-1A3956D46DE8}") = "configuration", "docs\configuration", "{D822C915-9CE3-4EAF-97BA-8EC6BF78D257}"
	ProjectSection(SolutionItems) = preProject
		docs\configuration\APP_CONFIGURATION_INTEGRATION.md = docs\configuration\APP_CONFIGURATION_INTEGRATION.md
		docs\configuration\ICACHESERVICE_IMPLEMENTATION_SUMMARY.md = docs\configuration\ICACHESERVICE_IMPLEMENTATION_SUMMARY.md
		docs\configuration\OCELOT_CHANGES_SUMMARY.md = docs\configuration\OCELOT_CHANGES_SUMMARY.md
		docs\configuration\OCELOT_CONFIGURATION_REMEDIATION.md = docs\configuration\OCELOT_CONFIGURATION_REMEDIATION.md
		docs\configuration\OCELOT_REMEDIATION_COMPLETE.md = docs\configuration\OCELOT_REMEDIATION_COMPLETE.md
		docs\configuration\OCELOT_VERIFICATION_REPORT.md = docs\configuration\OCELOT_VERIFICATION_REPORT.md
	EndProjectSection
EndProject
Project("{2150E333-8FDC-42A3-9474-1A3956D46DE8}") = "deployment", "docs\deployment", "{E59D1E31-EA19-4835-B5EC-26687ABF2C2D}"
	ProjectSection(SolutionItems) = preProject
		docs\deployment\BUILD_AND_DEPLOY_AUTOMATION.md = docs\deployment\BUILD_AND_DEPLOY_AUTOMATION.md
		docs\deployment\BUILD_AND_DEPLOY_AUTOMATION_SUMMARY.md = docs\deployment\BUILD_AND_DEPLOY_AUTOMATION_SUMMARY.md
		docs\deployment\DEPLOYMENT.md = docs\deployment\DEPLOYMENT.md
		docs\deployment\DEPLOYMENT_AUTOMATION_COMPLETE.md = docs\deployment\DEPLOYMENT_AUTOMATION_COMPLETE.md
		docs\deployment\DEPLOYMENT_CHECKLIST.md = docs\deployment\DEPLOYMENT_CHECKLIST.md
		docs\deployment\DEPLOYMENT_OPERATIONS_GUIDE.md = docs\deployment\DEPLOYMENT_OPERATIONS_GUIDE.md
		docs\deployment\GITHUB_ACTIONS_ARCHITECTURE.md = docs\deployment\GITHUB_ACTIONS_ARCHITECTURE.md
		docs\deployment\PRE_DEPLOYMENT_CHECKLIST.md = docs\deployment\PRE_DEPLOYMENT_CHECKLIST.md
		docs\deployment\QUICK_START_BUILD_DEPLOY.md = docs\deployment\QUICK_START_BUILD_DEPLOY.md
		docs\deployment\README.md = docs\deployment\README.md
		docs\deployment\WORKFLOWS_REFACTORING_OCTOBER_31.md = docs\deployment\WORKFLOWS_REFACTORING_OCTOBER_31.md
		docs\deployment\WORKFLOWS_VISUAL_DIAGRAMS.md = docs\deployment\WORKFLOWS_VISUAL_DIAGRAMS.md
	EndProjectSection
EndProject
Project("{2150E333-8FDC-42A3-9474-1A3956D46DE8}") = "development", "docs\development", "{5ED6BB4B-AEC9-470E-B62C-EC95C8CBFA36}"
	ProjectSection(SolutionItems) = preProject
		docs\development\add-dependencies.prompt.md = docs\development\add-dependencies.prompt.md
		docs\development\README.md = docs\development\README.md
	EndProjectSection
EndProject
Project("{2150E333-8FDC-42A3-9474-1A3956D46DE8}") = "infrastructure", "docs\infrastructure", "{007C4AD4-941A-4E3B-9BAF-46C94C52A6B4}"
	ProjectSection(SolutionItems) = preProject
		docs\infrastructure\BICEP_AUDIT_INDEX.md = docs\infrastructure\BICEP_AUDIT_INDEX.md
		docs\infrastructure\BICEP_AUDIT_VISUAL_SUMMARY.md = docs\infrastructure\BICEP_AUDIT_VISUAL_SUMMARY.md
		docs\infrastructure\BICEP_CHANGES_APPLIED.md = docs\infrastructure\BICEP_CHANGES_APPLIED.md
		docs\infrastructure\BICEP_COMPREHENSIVE_AUDIT.md = docs\infrastructure\BICEP_COMPREHENSIVE_AUDIT.md
		docs\infrastructure\BICEP_DELIVERABLES_SUMMARY.md = docs\infrastructure\BICEP_DELIVERABLES_SUMMARY.md
		docs\infrastructure\BICEP_DOCKER_COMPOSE_MAPPING.md = docs\infrastructure\BICEP_DOCKER_COMPOSE_MAPPING.md
		docs\infrastructure\BICEP_INFRASTRUCTURE_AUDIT_SUMMARY.md = docs\infrastructure\BICEP_INFRASTRUCTURE_AUDIT_SUMMARY.md
		docs\infrastructure\BICEP_QUICK_CHECKLIST.md = docs\infrastructure\BICEP_QUICK_CHECKLIST.md
		docs\infrastructure\BICEP_QUICK_REFERENCE_CARD.md = docs\infrastructure\BICEP_QUICK_REFERENCE_CARD.md
		docs\infrastructure\BICEP_REMEDIATION_GUIDE.md = docs\infrastructure\BICEP_REMEDIATION_GUIDE.md
		docs\infrastructure\BICEP_SERVICES_APPLIED.md = docs\infrastructure\BICEP_SERVICES_APPLIED.md
		docs\infrastructure\BICEP_TEMPLATES.md = docs\infrastructure\BICEP_TEMPLATES.md
		docs\infrastructure\DOCKER_COMPOSE_QUICK_REFERENCE.md = docs\infrastructure\DOCKER_COMPOSE_QUICK_REFERENCE.md
		docs\infrastructure\DOCKER_COMPOSE_REMEDIATION_COMPLETE.md = docs\infrastructure\DOCKER_COMPOSE_REMEDIATION_COMPLETE.md
		docs\infrastructure\DOCKER_COMPOSE_VALIDATION_REPORT.md = docs\infrastructure\DOCKER_COMPOSE_VALIDATION_REPORT.md
		docs\infrastructure\README.md = docs\infrastructure\README.md
	EndProjectSection
EndProject
Project("{2150E333-8FDC-42A3-9474-1A3956D46DE8}") = "docker-compose", "docs\docker-compose", "{B8E3E780-1465-402C-BBAA-8E00B76B27B1}"
	ProjectSection(SolutionItems) = preProject
		docs\docker-compose\README.md = docs\docker-compose\README.md
	EndProjectSection
EndProject
Project("{2150E333-8FDC-42A3-9474-1A3956D46DE8}") = "guides", "docs\guides", "{E9F59242-42AB-4B5B-92C7-3B3A7796F416}"
	ProjectSection(SolutionItems) = preProject
		docs\guides\00_START_HERE.md = docs\guides\00_START_HERE.md
		docs\guides\QUICKSTART.md = docs\guides\QUICKSTART.md
		docs\guides\QUICK_REFERENCE.md = docs\guides\QUICK_REFERENCE.md
	EndProjectSection
EndProject
Project("{2150E333-8FDC-42A3-9474-1A3956D46DE8}") = "implementation", "docs\implementation", "{BF6F0D73-70A5-45F8-8602-A0E42C91F6B3}"
	ProjectSection(SolutionItems) = preProject
		docs\implementation\IMPLEMENTATION_SUMMARY.md = docs\implementation\IMPLEMENTATION_SUMMARY.md
		docs\implementation\PHASE_2_COMPLETION_SUMMARY.md = docs\implementation\PHASE_2_COMPLETION_SUMMARY.md
		docs\implementation\PHASE_3_COMPLETION_SUMMARY.md = docs\implementation\PHASE_3_COMPLETION_SUMMARY.md
		docs\implementation\PHASE_3B_COMPLETION_SUMMARY.md = docs\implementation\PHASE_3B_COMPLETION_SUMMARY.md
		docs\implementation\REMEDIATION_COMPLETE.md = docs\implementation\REMEDIATION_COMPLETE.md
	EndProjectSection
EndProject
Project("{2150E333-8FDC-42A3-9474-1A3956D46DE8}") = "microservices", "docs\microservices", "{C3DF9922-3DEB-4F8C-9E92-85B5BC35F6DB}"
	ProjectSection(SolutionItems) = preProject
		docs\microservices\README.md = docs\microservices\README.md
	EndProjectSection
EndProject
Project("{2150E333-8FDC-42A3-9474-1A3956D46DE8}") = "operations", "docs\operations", "{0CBF4A4E-29A1-4F40-A38A-F8AA1BC1F3AC}"
	ProjectSection(SolutionItems) = preProject
		docs\operations\README.md = docs\operations\README.md
	EndProjectSection
EndProject
Project("{2150E333-8FDC-42A3-9474-1A3956D46DE8}") = "reference", "docs\reference", "{02AB9C65-045B-44F4-BE98-B3DF2B6E0D8E}"
	ProjectSection(SolutionItems) = preProject
		docs\reference\INDEX.md = docs\reference\INDEX.md
		docs\reference\README.md = docs\reference\README.md
	EndProjectSection
EndProject
Project("{2150E333-8FDC-42A3-9474-1A3956D46DE8}") = "security", "docs\security", "{FBBC2F15-6D6B-4A25-A4E4-9AF734A48780}"
	ProjectSection(SolutionItems) = preProject
		docs\security\INFRASTRUCTURE_SECURITY_ASSESSMENT.md = docs\security\INFRASTRUCTURE_SECURITY_ASSESSMENT.md
		docs\security\RBAC_FIX_SUMMARY.md = docs\security\RBAC_FIX_SUMMARY.md
		docs\security\README.md = docs\security\README.md
		docs\security\README_SECURITY_FIXES.md = docs\security\README_SECURITY_FIXES.md
		docs\security\SECURITY_FIXES_SUMMARY.md = docs\security\SECURITY_FIXES_SUMMARY.md
		docs\security\SECURITY_IDENTITY_BEST_PRACTICES.md = docs\security\SECURITY_IDENTITY_BEST_PRACTICES.md
		docs\security\SECURITY_REMEDIATION_PLAN.md = docs\security\SECURITY_REMEDIATION_PLAN.md
	EndProjectSection
EndProject
Project("{2150E333-8FDC-42A3-9474-1A3956D46DE8}") = "api-gateway", "docs\api-gateway", "{9F8E71FF-3A3C-4CE2-9D8F-2DA7BD7A9E0C}"
	ProjectSection(SolutionItems) = preProject
		docs\api-gateway\README.md = docs\api-gateway\README.md
	EndProjectSection
EndProject
Project("{2150E333-8FDC-42A3-9474-1A3956D46DE8}") = "overview", "docs\microservices\overview", "{5FE9E7B4-3F3F-4CDE-A746-8B686BB8AA81}"
EndProject
Global
	GlobalSection(SolutionConfigurationPlatforms) = preSolution
		Debug|Any CPU = Debug|Any CPU
		Debug|x64 = Debug|x64
		Debug|x86 = Debug|x86
		Release|Any CPU = Release|Any CPU
		Release|x64 = Release|x64
		Release|x86 = Release|x86
	EndGlobalSection
	GlobalSection(ProjectConfigurationPlatforms) = postSolution
		{59F1D985-5835-4410-9384-636585CFEAA3}.Debug|Any CPU.ActiveCfg = Debug|Any CPU
		{59F1D985-5835-4410-9384-636585CFEAA3}.Debug|Any CPU.Build.0 = Debug|Any CPU
		{59F1D985-5835-4410-9384-636585CFEAA3}.Debug|x64.ActiveCfg = Debug|Any CPU
		{59F1D985-5835-4410-9384-636585CFEAA3}.Debug|x64.Build.0 = Debug|Any CPU
		{59F1D985-5835-4410-9384-636585CFEAA3}.Debug|x86.ActiveCfg = Debug|Any CPU
		{59F1D985-5835-4410-9384-636585CFEAA3}.Debug|x86.Build.0 = Debug|Any CPU
		{59F1D985-5835-4410-9384-636585CFEAA3}.Release|Any CPU.ActiveCfg = Release|Any CPU
		{59F1D985-5835-4410-9384-636585CFEAA3}.Release|Any CPU.Build.0 = Release|Any CPU
		{59F1D985-5835-4410-9384-636585CFEAA3}.Release|x64.ActiveCfg = Release|Any CPU
		{59F1D985-5835-4410-9384-636585CFEAA3}.Release|x64.Build.0 = Release|Any CPU
		{59F1D985-5835-4410-9384-636585CFEAA3}.Release|x86.ActiveCfg = Release|Any CPU
		{59F1D985-5835-4410-9384-636585CFEAA3}.Release|x86.Build.0 = Release|Any CPU
		{73887628-D2F2-41A2-B713-886F63EB84B4}.Debug|Any CPU.ActiveCfg = Debug|Any CPU
		{73887628-D2F2-41A2-B713-886F63EB84B4}.Debug|Any CPU.Build.0 = Debug|Any CPU
		{73887628-D2F2-41A2-B713-886F63EB84B4}.Debug|x64.ActiveCfg = Debug|Any CPU
		{73887628-D2F2-41A2-B713-886F63EB84B4}.Debug|x64.Build.0 = Debug|Any CPU
		{73887628-D2F2-41A2-B713-886F63EB84B4}.Debug|x86.ActiveCfg = Debug|Any CPU
		{73887628-D2F2-41A2-B713-886F63EB84B4}.Debug|x86.Build.0 = Debug|Any CPU
		{73887628-D2F2-41A2-B713-886F63EB84B4}.Release|Any CPU.ActiveCfg = Release|Any CPU
		{73887628-D2F2-41A2-B713-886F63EB84B4}.Release|Any CPU.Build.0 = Release|Any CPU
		{73887628-D2F2-41A2-B713-886F63EB84B4}.Release|x64.ActiveCfg = Release|Any CPU
		{73887628-D2F2-41A2-B713-886F63EB84B4}.Release|x64.Build.0 = Release|Any CPU
		{73887628-D2F2-41A2-B713-886F63EB84B4}.Release|x86.ActiveCfg = Release|Any CPU
		{73887628-D2F2-41A2-B713-886F63EB84B4}.Release|x86.Build.0 = Release|Any CPU
		{60E6CF27-C6AB-45FF-A301-873C332E65F5}.Debug|Any CPU.ActiveCfg = Debug|Any CPU
		{60E6CF27-C6AB-45FF-A301-873C332E65F5}.Debug|Any CPU.Build.0 = Debug|Any CPU
		{60E6CF27-C6AB-45FF-A301-873C332E65F5}.Debug|x64.ActiveCfg = Debug|Any CPU
		{60E6CF27-C6AB-45FF-A301-873C332E65F5}.Debug|x64.Build.0 = Debug|Any CPU
		{60E6CF27-C6AB-45FF-A301-873C332E65F5}.Debug|x86.ActiveCfg = Debug|Any CPU
		{60E6CF27-C6AB-45FF-A301-873C332E65F5}.Debug|x86.Build.0 = Debug|Any CPU
		{60E6CF27-C6AB-45FF-A301-873C332E65F5}.Release|Any CPU.ActiveCfg = Release|Any CPU
		{60E6CF27-C6AB-45FF-A301-873C332E65F5}.Release|Any CPU.Build.0 = Release|Any CPU
		{60E6CF27-C6AB-45FF-A301-873C332E65F5}.Release|x64.ActiveCfg = Release|Any CPU
		{60E6CF27-C6AB-45FF-A301-873C332E65F5}.Release|x64.Build.0 = Release|Any CPU
		{60E6CF27-C6AB-45FF-A301-873C332E65F5}.Release|x86.ActiveCfg = Release|Any CPU
		{60E6CF27-C6AB-45FF-A301-873C332E65F5}.Release|x86.Build.0 = Release|Any CPU
		{16A5CAED-07E2-42A4-AAFC-602F040C34F4}.Debug|Any CPU.ActiveCfg = Debug|Any CPU
		{16A5CAED-07E2-42A4-AAFC-602F040C34F4}.Debug|Any CPU.Build.0 = Debug|Any CPU
		{16A5CAED-07E2-42A4-AAFC-602F040C34F4}.Debug|x64.ActiveCfg = Debug|Any CPU
		{16A5CAED-07E2-42A4-AAFC-602F040C34F4}.Debug|x64.Build.0 = Debug|Any CPU
		{16A5CAED-07E2-42A4-AAFC-602F040C34F4}.Debug|x86.ActiveCfg = Debug|Any CPU
		{16A5CAED-07E2-42A4-AAFC-602F040C34F4}.Debug|x86.Build.0 = Debug|Any CPU
		{16A5CAED-07E2-42A4-AAFC-602F040C34F4}.Release|Any CPU.ActiveCfg = Release|Any CPU
		{16A5CAED-07E2-42A4-AAFC-602F040C34F4}.Release|Any CPU.Build.0 = Release|Any CPU
		{16A5CAED-07E2-42A4-AAFC-602F040C34F4}.Release|x64.ActiveCfg = Release|Any CPU
		{16A5CAED-07E2-42A4-AAFC-602F040C34F4}.Release|x64.Build.0 = Release|Any CPU
		{16A5CAED-07E2-42A4-AAFC-602F040C34F4}.Release|x86.ActiveCfg = Release|Any CPU
		{16A5CAED-07E2-42A4-AAFC-602F040C34F4}.Release|x86.Build.0 = Release|Any CPU
		{BA8DF615-84F0-4AA2-9857-B701151A80FB}.Debug|Any CPU.ActiveCfg = Debug|Any CPU
		{BA8DF615-84F0-4AA2-9857-B701151A80FB}.Debug|Any CPU.Build.0 = Debug|Any CPU
		{BA8DF615-84F0-4AA2-9857-B701151A80FB}.Debug|x64.ActiveCfg = Debug|Any CPU
		{BA8DF615-84F0-4AA2-9857-B701151A80FB}.Debug|x64.Build.0 = Debug|Any CPU
		{BA8DF615-84F0-4AA2-9857-B701151A80FB}.Debug|x86.ActiveCfg = Debug|Any CPU
		{BA8DF615-84F0-4AA2-9857-B701151A80FB}.Debug|x86.Build.0 = Debug|Any CPU
		{BA8DF615-84F0-4AA2-9857-B701151A80FB}.Release|Any CPU.ActiveCfg = Release|Any CPU
		{BA8DF615-84F0-4AA2-9857-B701151A80FB}.Release|Any CPU.Build.0 = Release|Any CPU
		{BA8DF615-84F0-4AA2-9857-B701151A80FB}.Release|x64.ActiveCfg = Release|Any CPU
		{BA8DF615-84F0-4AA2-9857-B701151A80FB}.Release|x64.Build.0 = Release|Any CPU
		{BA8DF615-84F0-4AA2-9857-B701151A80FB}.Release|x86.ActiveCfg = Release|Any CPU
		{BA8DF615-84F0-4AA2-9857-B701151A80FB}.Release|x86.Build.0 = Release|Any CPU
		{E30A6086-C8A2-4C9C-AE00-942DAD5C29F2}.Debug|Any CPU.ActiveCfg = Debug|Any CPU
		{E30A6086-C8A2-4C9C-AE00-942DAD5C29F2}.Debug|Any CPU.Build.0 = Debug|Any CPU
		{E30A6086-C8A2-4C9C-AE00-942DAD5C29F2}.Debug|x64.ActiveCfg = Debug|Any CPU
		{E30A6086-C8A2-4C9C-AE00-942DAD5C29F2}.Debug|x64.Build.0 = Debug|Any CPU
		{E30A6086-C8A2-4C9C-AE00-942DAD5C29F2}.Debug|x86.ActiveCfg = Debug|Any CPU
		{E30A6086-C8A2-4C9C-AE00-942DAD5C29F2}.Debug|x86.Build.0 = Debug|Any CPU
		{E30A6086-C8A2-4C9C-AE00-942DAD5C29F2}.Release|Any CPU.ActiveCfg = Release|Any CPU
		{E30A6086-C8A2-4C9C-AE00-942DAD5C29F2}.Release|Any CPU.Build.0 = Release|Any CPU
		{E30A6086-C8A2-4C9C-AE00-942DAD5C29F2}.Release|x64.ActiveCfg = Release|Any CPU
		{E30A6086-C8A2-4C9C-AE00-942DAD5C29F2}.Release|x64.Build.0 = Release|Any CPU
		{E30A6086-C8A2-4C9C-AE00-942DAD5C29F2}.Release|x86.ActiveCfg = Release|Any CPU
		{E30A6086-C8A2-4C9C-AE00-942DAD5C29F2}.Release|x86.Build.0 = Release|Any CPU
		{6B811F5E-9D2F-4395-9290-B7975E350031}.Debug|Any CPU.ActiveCfg = Debug|Any CPU
		{6B811F5E-9D2F-4395-9290-B7975E350031}.Debug|Any CPU.Build.0 = Debug|Any CPU
		{6B811F5E-9D2F-4395-9290-B7975E350031}.Debug|x64.ActiveCfg = Debug|Any CPU
		{6B811F5E-9D2F-4395-9290-B7975E350031}.Debug|x64.Build.0 = Debug|Any CPU
		{6B811F5E-9D2F-4395-9290-B7975E350031}.Debug|x86.ActiveCfg = Debug|Any CPU
		{6B811F5E-9D2F-4395-9290-B7975E350031}.Debug|x86.Build.0 = Debug|Any CPU
		{6B811F5E-9D2F-4395-9290-B7975E350031}.Release|Any CPU.ActiveCfg = Release|Any CPU
		{6B811F5E-9D2F-4395-9290-B7975E350031}.Release|Any CPU.Build.0 = Release|Any CPU
		{6B811F5E-9D2F-4395-9290-B7975E350031}.Release|x64.ActiveCfg = Release|Any CPU
		{6B811F5E-9D2F-4395-9290-B7975E350031}.Release|x64.Build.0 = Release|Any CPU
		{6B811F5E-9D2F-4395-9290-B7975E350031}.Release|x86.ActiveCfg = Release|Any CPU
		{6B811F5E-9D2F-4395-9290-B7975E350031}.Release|x86.Build.0 = Release|Any CPU
		{DEF55DDF-FB59-4F79-84B6-323775F22A8B}.Debug|Any CPU.ActiveCfg = Debug|Any CPU
		{DEF55DDF-FB59-4F79-84B6-323775F22A8B}.Debug|Any CPU.Build.0 = Debug|Any CPU
		{DEF55DDF-FB59-4F79-84B6-323775F22A8B}.Debug|x64.ActiveCfg = Debug|Any CPU
		{DEF55DDF-FB59-4F79-84B6-323775F22A8B}.Debug|x64.Build.0 = Debug|Any CPU
		{DEF55DDF-FB59-4F79-84B6-323775F22A8B}.Debug|x86.ActiveCfg = Debug|Any CPU
		{DEF55DDF-FB59-4F79-84B6-323775F22A8B}.Debug|x86.Build.0 = Debug|Any CPU
		{DEF55DDF-FB59-4F79-84B6-323775F22A8B}.Release|Any CPU.ActiveCfg = Release|Any CPU
		{DEF55DDF-FB59-4F79-84B6-323775F22A8B}.Release|Any CPU.Build.0 = Release|Any CPU
		{DEF55DDF-FB59-4F79-84B6-323775F22A8B}.Release|x64.ActiveCfg = Release|Any CPU
		{DEF55DDF-FB59-4F79-84B6-323775F22A8B}.Release|x64.Build.0 = Release|Any CPU
		{DEF55DDF-FB59-4F79-84B6-323775F22A8B}.Release|x86.ActiveCfg = Release|Any CPU
		{DEF55DDF-FB59-4F79-84B6-323775F22A8B}.Release|x86.Build.0 = Release|Any CPU
		{333EF770-1CD8-4752-ADC9-98602E1AFFB2}.Debug|Any CPU.ActiveCfg = Debug|Any CPU
		{333EF770-1CD8-4752-ADC9-98602E1AFFB2}.Debug|Any CPU.Build.0 = Debug|Any CPU
		{333EF770-1CD8-4752-ADC9-98602E1AFFB2}.Debug|x64.ActiveCfg = Debug|Any CPU
		{333EF770-1CD8-4752-ADC9-98602E1AFFB2}.Debug|x64.Build.0 = Debug|Any CPU
		{333EF770-1CD8-4752-ADC9-98602E1AFFB2}.Debug|x86.ActiveCfg = Debug|Any CPU
		{333EF770-1CD8-4752-ADC9-98602E1AFFB2}.Debug|x86.Build.0 = Debug|Any CPU
		{333EF770-1CD8-4752-ADC9-98602E1AFFB2}.Release|Any CPU.ActiveCfg = Release|Any CPU
		{333EF770-1CD8-4752-ADC9-98602E1AFFB2}.Release|Any CPU.Build.0 = Release|Any CPU
		{333EF770-1CD8-4752-ADC9-98602E1AFFB2}.Release|x64.ActiveCfg = Release|Any CPU
		{333EF770-1CD8-4752-ADC9-98602E1AFFB2}.Release|x64.Build.0 = Release|Any CPU
		{333EF770-1CD8-4752-ADC9-98602E1AFFB2}.Release|x86.ActiveCfg = Release|Any CPU
		{333EF770-1CD8-4752-ADC9-98602E1AFFB2}.Release|x86.Build.0 = Release|Any CPU
		{F31C27D1-6928-450A-9C5E-909E7DDF9F3E}.Debug|Any CPU.ActiveCfg = Debug|Any CPU
		{F31C27D1-6928-450A-9C5E-909E7DDF9F3E}.Debug|Any CPU.Build.0 = Debug|Any CPU
		{F31C27D1-6928-450A-9C5E-909E7DDF9F3E}.Debug|x64.ActiveCfg = Debug|Any CPU
		{F31C27D1-6928-450A-9C5E-909E7DDF9F3E}.Debug|x64.Build.0 = Debug|Any CPU
		{F31C27D1-6928-450A-9C5E-909E7DDF9F3E}.Debug|x86.ActiveCfg = Debug|Any CPU
		{F31C27D1-6928-450A-9C5E-909E7DDF9F3E}.Debug|x86.Build.0 = Debug|Any CPU
		{F31C27D1-6928-450A-9C5E-909E7DDF9F3E}.Release|Any CPU.ActiveCfg = Release|Any CPU
		{F31C27D1-6928-450A-9C5E-909E7DDF9F3E}.Release|Any CPU.Build.0 = Release|Any CPU
		{F31C27D1-6928-450A-9C5E-909E7DDF9F3E}.Release|x64.ActiveCfg = Release|Any CPU
		{F31C27D1-6928-450A-9C5E-909E7DDF9F3E}.Release|x64.Build.0 = Release|Any CPU
		{F31C27D1-6928-450A-9C5E-909E7DDF9F3E}.Release|x86.ActiveCfg = Release|Any CPU
		{F31C27D1-6928-450A-9C5E-909E7DDF9F3E}.Release|x86.Build.0 = Release|Any CPU
		{E82B935A-722F-4581-AC16-89911DD49645}.Debug|Any CPU.ActiveCfg = Debug|Any CPU
		{E82B935A-722F-4581-AC16-89911DD49645}.Debug|Any CPU.Build.0 = Debug|Any CPU
		{E82B935A-722F-4581-AC16-89911DD49645}.Debug|x64.ActiveCfg = Debug|Any CPU
		{E82B935A-722F-4581-AC16-89911DD49645}.Debug|x64.Build.0 = Debug|Any CPU
		{E82B935A-722F-4581-AC16-89911DD49645}.Debug|x86.ActiveCfg = Debug|Any CPU
		{E82B935A-722F-4581-AC16-89911DD49645}.Debug|x86.Build.0 = Debug|Any CPU
		{E82B935A-722F-4581-AC16-89911DD49645}.Release|Any CPU.ActiveCfg = Release|Any CPU
		{E82B935A-722F-4581-AC16-89911DD49645}.Release|Any CPU.Build.0 = Release|Any CPU
		{E82B935A-722F-4581-AC16-89911DD49645}.Release|x64.ActiveCfg = Release|Any CPU
		{E82B935A-722F-4581-AC16-89911DD49645}.Release|x64.Build.0 = Release|Any CPU
		{E82B935A-722F-4581-AC16-89911DD49645}.Release|x86.ActiveCfg = Release|Any CPU
		{E82B935A-722F-4581-AC16-89911DD49645}.Release|x86.Build.0 = Release|Any CPU
		{671951D1-6B84-4D2F-BC3E-475FA5201C97}.Debug|Any CPU.ActiveCfg = Debug|Any CPU
		{671951D1-6B84-4D2F-BC3E-475FA5201C97}.Debug|Any CPU.Build.0 = Debug|Any CPU
		{671951D1-6B84-4D2F-BC3E-475FA5201C97}.Debug|x64.ActiveCfg = Debug|Any CPU
		{671951D1-6B84-4D2F-BC3E-475FA5201C97}.Debug|x64.Build.0 = Debug|Any CPU
		{671951D1-6B84-4D2F-BC3E-475FA5201C97}.Debug|x86.ActiveCfg = Debug|Any CPU
		{671951D1-6B84-4D2F-BC3E-475FA5201C97}.Debug|x86.Build.0 = Debug|Any CPU
		{671951D1-6B84-4D2F-BC3E-475FA5201C97}.Release|Any CPU.ActiveCfg = Release|Any CPU
		{671951D1-6B84-4D2F-BC3E-475FA5201C97}.Release|Any CPU.Build.0 = Release|Any CPU
		{671951D1-6B84-4D2F-BC3E-475FA5201C97}.Release|x64.ActiveCfg = Release|Any CPU
		{671951D1-6B84-4D2F-BC3E-475FA5201C97}.Release|x64.Build.0 = Release|Any CPU
		{671951D1-6B84-4D2F-BC3E-475FA5201C97}.Release|x86.ActiveCfg = Release|Any CPU
		{671951D1-6B84-4D2F-BC3E-475FA5201C97}.Release|x86.Build.0 = Release|Any CPU
		{3846DC1C-123B-4B75-81D3-586E122F46A6}.Debug|Any CPU.ActiveCfg = Debug|Any CPU
		{3846DC1C-123B-4B75-81D3-586E122F46A6}.Debug|Any CPU.Build.0 = Debug|Any CPU
		{3846DC1C-123B-4B75-81D3-586E122F46A6}.Debug|x64.ActiveCfg = Debug|Any CPU
		{3846DC1C-123B-4B75-81D3-586E122F46A6}.Debug|x64.Build.0 = Debug|Any CPU
		{3846DC1C-123B-4B75-81D3-586E122F46A6}.Debug|x86.ActiveCfg = Debug|Any CPU
		{3846DC1C-123B-4B75-81D3-586E122F46A6}.Debug|x86.Build.0 = Debug|Any CPU
		{3846DC1C-123B-4B75-81D3-586E122F46A6}.Release|Any CPU.ActiveCfg = Release|Any CPU
		{3846DC1C-123B-4B75-81D3-586E122F46A6}.Release|Any CPU.Build.0 = Release|Any CPU
		{3846DC1C-123B-4B75-81D3-586E122F46A6}.Release|x64.ActiveCfg = Release|Any CPU
		{3846DC1C-123B-4B75-81D3-586E122F46A6}.Release|x64.Build.0 = Release|Any CPU
		{3846DC1C-123B-4B75-81D3-586E122F46A6}.Release|x86.ActiveCfg = Release|Any CPU
		{3846DC1C-123B-4B75-81D3-586E122F46A6}.Release|x86.Build.0 = Release|Any CPU
		{268B839D-7AA0-47A2-A3C8-3AF593E47C6D}.Debug|Any CPU.ActiveCfg = Debug|Any CPU
		{268B839D-7AA0-47A2-A3C8-3AF593E47C6D}.Debug|Any CPU.Build.0 = Debug|Any CPU
		{268B839D-7AA0-47A2-A3C8-3AF593E47C6D}.Debug|x64.ActiveCfg = Debug|Any CPU
		{268B839D-7AA0-47A2-A3C8-3AF593E47C6D}.Debug|x64.Build.0 = Debug|Any CPU
		{268B839D-7AA0-47A2-A3C8-3AF593E47C6D}.Debug|x86.ActiveCfg = Debug|Any CPU
		{268B839D-7AA0-47A2-A3C8-3AF593E47C6D}.Debug|x86.Build.0 = Debug|Any CPU
		{268B839D-7AA0-47A2-A3C8-3AF593E47C6D}.Release|Any CPU.ActiveCfg = Release|Any CPU
		{268B839D-7AA0-47A2-A3C8-3AF593E47C6D}.Release|Any CPU.Build.0 = Release|Any CPU
		{268B839D-7AA0-47A2-A3C8-3AF593E47C6D}.Release|x64.ActiveCfg = Release|Any CPU
		{268B839D-7AA0-47A2-A3C8-3AF593E47C6D}.Release|x64.Build.0 = Release|Any CPU
		{268B839D-7AA0-47A2-A3C8-3AF593E47C6D}.Release|x86.ActiveCfg = Release|Any CPU
		{268B839D-7AA0-47A2-A3C8-3AF593E47C6D}.Release|x86.Build.0 = Release|Any CPU
		{9ABDFD1A-287B-426F-AAE4-67DCA45A3D10}.Debug|Any CPU.ActiveCfg = Debug|Any CPU
		{9ABDFD1A-287B-426F-AAE4-67DCA45A3D10}.Debug|Any CPU.Build.0 = Debug|Any CPU
		{9ABDFD1A-287B-426F-AAE4-67DCA45A3D10}.Debug|x64.ActiveCfg = Debug|Any CPU
		{9ABDFD1A-287B-426F-AAE4-67DCA45A3D10}.Debug|x64.Build.0 = Debug|Any CPU
		{9ABDFD1A-287B-426F-AAE4-67DCA45A3D10}.Debug|x86.ActiveCfg = Debug|Any CPU
		{9ABDFD1A-287B-426F-AAE4-67DCA45A3D10}.Debug|x86.Build.0 = Debug|Any CPU
		{9ABDFD1A-287B-426F-AAE4-67DCA45A3D10}.Release|Any CPU.ActiveCfg = Release|Any CPU
		{9ABDFD1A-287B-426F-AAE4-67DCA45A3D10}.Release|Any CPU.Build.0 = Release|Any CPU
		{9ABDFD1A-287B-426F-AAE4-67DCA45A3D10}.Release|x64.ActiveCfg = Release|Any CPU
		{9ABDFD1A-287B-426F-AAE4-67DCA45A3D10}.Release|x64.Build.0 = Release|Any CPU
		{9ABDFD1A-287B-426F-AAE4-67DCA45A3D10}.Release|x86.ActiveCfg = Release|Any CPU
		{9ABDFD1A-287B-426F-AAE4-67DCA45A3D10}.Release|x86.Build.0 = Release|Any CPU
		{E945FD0B-8CF0-4AF8-A416-531243C6FD0B}.Debug|Any CPU.ActiveCfg = Debug|Any CPU
		{E945FD0B-8CF0-4AF8-A416-531243C6FD0B}.Debug|Any CPU.Build.0 = Debug|Any CPU
		{E945FD0B-8CF0-4AF8-A416-531243C6FD0B}.Debug|x64.ActiveCfg = Debug|Any CPU
		{E945FD0B-8CF0-4AF8-A416-531243C6FD0B}.Debug|x64.Build.0 = Debug|Any CPU
		{E945FD0B-8CF0-4AF8-A416-531243C6FD0B}.Debug|x86.ActiveCfg = Debug|Any CPU
		{E945FD0B-8CF0-4AF8-A416-531243C6FD0B}.Debug|x86.Build.0 = Debug|Any CPU
		{E945FD0B-8CF0-4AF8-A416-531243C6FD0B}.Release|Any CPU.ActiveCfg = Release|Any CPU
		{E945FD0B-8CF0-4AF8-A416-531243C6FD0B}.Release|Any CPU.Build.0 = Release|Any CPU
		{E945FD0B-8CF0-4AF8-A416-531243C6FD0B}.Release|x64.ActiveCfg = Release|Any CPU
		{E945FD0B-8CF0-4AF8-A416-531243C6FD0B}.Release|x64.Build.0 = Release|Any CPU
		{E945FD0B-8CF0-4AF8-A416-531243C6FD0B}.Release|x86.ActiveCfg = Release|Any CPU
		{E945FD0B-8CF0-4AF8-A416-531243C6FD0B}.Release|x86.Build.0 = Release|Any CPU
		{68BB8BFA-3E5B-41D9-A7EF-8DCF1687AE9D}.Debug|Any CPU.ActiveCfg = Debug|Any CPU
		{68BB8BFA-3E5B-41D9-A7EF-8DCF1687AE9D}.Debug|Any CPU.Build.0 = Debug|Any CPU
		{68BB8BFA-3E5B-41D9-A7EF-8DCF1687AE9D}.Debug|x64.ActiveCfg = Debug|Any CPU
		{68BB8BFA-3E5B-41D9-A7EF-8DCF1687AE9D}.Debug|x64.Build.0 = Debug|Any CPU
		{68BB8BFA-3E5B-41D9-A7EF-8DCF1687AE9D}.Debug|x86.ActiveCfg = Debug|Any CPU
		{68BB8BFA-3E5B-41D9-A7EF-8DCF1687AE9D}.Debug|x86.Build.0 = Debug|Any CPU
		{68BB8BFA-3E5B-41D9-A7EF-8DCF1687AE9D}.Release|Any CPU.ActiveCfg = Release|Any CPU
		{68BB8BFA-3E5B-41D9-A7EF-8DCF1687AE9D}.Release|Any CPU.Build.0 = Release|Any CPU
		{68BB8BFA-3E5B-41D9-A7EF-8DCF1687AE9D}.Release|x64.ActiveCfg = Release|Any CPU
		{68BB8BFA-3E5B-41D9-A7EF-8DCF1687AE9D}.Release|x64.Build.0 = Release|Any CPU
		{68BB8BFA-3E5B-41D9-A7EF-8DCF1687AE9D}.Release|x86.ActiveCfg = Release|Any CPU
		{68BB8BFA-3E5B-41D9-A7EF-8DCF1687AE9D}.Release|x86.Build.0 = Release|Any CPU
		{2B678F61-A197-4A90-BD89-DBCE474016E3}.Debug|Any CPU.ActiveCfg = Debug|Any CPU
		{2B678F61-A197-4A90-BD89-DBCE474016E3}.Debug|Any CPU.Build.0 = Debug|Any CPU
		{2B678F61-A197-4A90-BD89-DBCE474016E3}.Debug|x64.ActiveCfg = Debug|Any CPU
		{2B678F61-A197-4A90-BD89-DBCE474016E3}.Debug|x64.Build.0 = Debug|Any CPU
		{2B678F61-A197-4A90-BD89-DBCE474016E3}.Debug|x86.ActiveCfg = Debug|Any CPU
		{2B678F61-A197-4A90-BD89-DBCE474016E3}.Debug|x86.Build.0 = Debug|Any CPU
		{2B678F61-A197-4A90-BD89-DBCE474016E3}.Release|Any CPU.ActiveCfg = Release|Any CPU
		{2B678F61-A197-4A90-BD89-DBCE474016E3}.Release|Any CPU.Build.0 = Release|Any CPU
		{2B678F61-A197-4A90-BD89-DBCE474016E3}.Release|x64.ActiveCfg = Release|Any CPU
		{2B678F61-A197-4A90-BD89-DBCE474016E3}.Release|x64.Build.0 = Release|Any CPU
		{2B678F61-A197-4A90-BD89-DBCE474016E3}.Release|x86.ActiveCfg = Release|Any CPU
		{2B678F61-A197-4A90-BD89-DBCE474016E3}.Release|x86.Build.0 = Release|Any CPU
		{E7D8335C-6742-4BF8-811C-9132CCDEFD7B}.Debug|Any CPU.ActiveCfg = Debug|Any CPU
		{E7D8335C-6742-4BF8-811C-9132CCDEFD7B}.Debug|Any CPU.Build.0 = Debug|Any CPU
		{E7D8335C-6742-4BF8-811C-9132CCDEFD7B}.Debug|x64.ActiveCfg = Debug|Any CPU
		{E7D8335C-6742-4BF8-811C-9132CCDEFD7B}.Debug|x64.Build.0 = Debug|Any CPU
		{E7D8335C-6742-4BF8-811C-9132CCDEFD7B}.Debug|x86.ActiveCfg = Debug|Any CPU
		{E7D8335C-6742-4BF8-811C-9132CCDEFD7B}.Debug|x86.Build.0 = Debug|Any CPU
		{E7D8335C-6742-4BF8-811C-9132CCDEFD7B}.Release|Any CPU.ActiveCfg = Release|Any CPU
		{E7D8335C-6742-4BF8-811C-9132CCDEFD7B}.Release|Any CPU.Build.0 = Release|Any CPU
		{E7D8335C-6742-4BF8-811C-9132CCDEFD7B}.Release|x64.ActiveCfg = Release|Any CPU
		{E7D8335C-6742-4BF8-811C-9132CCDEFD7B}.Release|x64.Build.0 = Release|Any CPU
		{E7D8335C-6742-4BF8-811C-9132CCDEFD7B}.Release|x86.ActiveCfg = Release|Any CPU
		{E7D8335C-6742-4BF8-811C-9132CCDEFD7B}.Release|x86.Build.0 = Release|Any CPU
		{D985B70F-A09E-4102-809B-79BE5618D6E3}.Debug|Any CPU.ActiveCfg = Debug|Any CPU
		{D985B70F-A09E-4102-809B-79BE5618D6E3}.Debug|Any CPU.Build.0 = Debug|Any CPU
		{D985B70F-A09E-4102-809B-79BE5618D6E3}.Debug|x64.ActiveCfg = Debug|Any CPU
		{D985B70F-A09E-4102-809B-79BE5618D6E3}.Debug|x64.Build.0 = Debug|Any CPU
		{D985B70F-A09E-4102-809B-79BE5618D6E3}.Debug|x86.ActiveCfg = Debug|Any CPU
		{D985B70F-A09E-4102-809B-79BE5618D6E3}.Debug|x86.Build.0 = Debug|Any CPU
		{D985B70F-A09E-4102-809B-79BE5618D6E3}.Release|Any CPU.ActiveCfg = Release|Any CPU
		{D985B70F-A09E-4102-809B-79BE5618D6E3}.Release|Any CPU.Build.0 = Release|Any CPU
		{D985B70F-A09E-4102-809B-79BE5618D6E3}.Release|x64.ActiveCfg = Release|Any CPU
		{D985B70F-A09E-4102-809B-79BE5618D6E3}.Release|x64.Build.0 = Release|Any CPU
		{D985B70F-A09E-4102-809B-79BE5618D6E3}.Release|x86.ActiveCfg = Release|Any CPU
		{D985B70F-A09E-4102-809B-79BE5618D6E3}.Release|x86.Build.0 = Release|Any CPU
		{4AFE4E65-C1C4-4B2A-8D75-99CBAAA206AC}.Debug|Any CPU.ActiveCfg = Debug|Any CPU
		{4AFE4E65-C1C4-4B2A-8D75-99CBAAA206AC}.Debug|Any CPU.Build.0 = Debug|Any CPU
		{4AFE4E65-C1C4-4B2A-8D75-99CBAAA206AC}.Debug|x64.ActiveCfg = Debug|Any CPU
		{4AFE4E65-C1C4-4B2A-8D75-99CBAAA206AC}.Debug|x64.Build.0 = Debug|Any CPU
		{4AFE4E65-C1C4-4B2A-8D75-99CBAAA206AC}.Debug|x86.ActiveCfg = Debug|Any CPU
		{4AFE4E65-C1C4-4B2A-8D75-99CBAAA206AC}.Debug|x86.Build.0 = Debug|Any CPU
		{4AFE4E65-C1C4-4B2A-8D75-99CBAAA206AC}.Release|Any CPU.ActiveCfg = Release|Any CPU
		{4AFE4E65-C1C4-4B2A-8D75-99CBAAA206AC}.Release|Any CPU.Build.0 = Release|Any CPU
		{4AFE4E65-C1C4-4B2A-8D75-99CBAAA206AC}.Release|x64.ActiveCfg = Release|Any CPU
		{4AFE4E65-C1C4-4B2A-8D75-99CBAAA206AC}.Release|x64.Build.0 = Release|Any CPU
		{4AFE4E65-C1C4-4B2A-8D75-99CBAAA206AC}.Release|x86.ActiveCfg = Release|Any CPU
		{4AFE4E65-C1C4-4B2A-8D75-99CBAAA206AC}.Release|x86.Build.0 = Release|Any CPU
		{2E8E2383-2762-4E8D-802E-3EAB9FBB8F77}.Debug|Any CPU.ActiveCfg = Debug|Any CPU
		{2E8E2383-2762-4E8D-802E-3EAB9FBB8F77}.Debug|Any CPU.Build.0 = Debug|Any CPU
		{2E8E2383-2762-4E8D-802E-3EAB9FBB8F77}.Debug|x64.ActiveCfg = Debug|Any CPU
		{2E8E2383-2762-4E8D-802E-3EAB9FBB8F77}.Debug|x64.Build.0 = Debug|Any CPU
		{2E8E2383-2762-4E8D-802E-3EAB9FBB8F77}.Debug|x86.ActiveCfg = Debug|Any CPU
		{2E8E2383-2762-4E8D-802E-3EAB9FBB8F77}.Debug|x86.Build.0 = Debug|Any CPU
		{2E8E2383-2762-4E8D-802E-3EAB9FBB8F77}.Release|Any CPU.ActiveCfg = Release|Any CPU
		{2E8E2383-2762-4E8D-802E-3EAB9FBB8F77}.Release|Any CPU.Build.0 = Release|Any CPU
		{2E8E2383-2762-4E8D-802E-3EAB9FBB8F77}.Release|x64.ActiveCfg = Release|Any CPU
		{2E8E2383-2762-4E8D-802E-3EAB9FBB8F77}.Release|x64.Build.0 = Release|Any CPU
		{2E8E2383-2762-4E8D-802E-3EAB9FBB8F77}.Release|x86.ActiveCfg = Release|Any CPU
		{2E8E2383-2762-4E8D-802E-3EAB9FBB8F77}.Release|x86.Build.0 = Release|Any CPU
		{B3FC2AED-999A-4EAB-9510-02A7CCEF1D95}.Debug|Any CPU.ActiveCfg = Debug|Any CPU
		{B3FC2AED-999A-4EAB-9510-02A7CCEF1D95}.Debug|Any CPU.Build.0 = Debug|Any CPU
		{B3FC2AED-999A-4EAB-9510-02A7CCEF1D95}.Debug|x64.ActiveCfg = Debug|Any CPU
		{B3FC2AED-999A-4EAB-9510-02A7CCEF1D95}.Debug|x64.Build.0 = Debug|Any CPU
		{B3FC2AED-999A-4EAB-9510-02A7CCEF1D95}.Debug|x86.ActiveCfg = Debug|Any CPU
		{B3FC2AED-999A-4EAB-9510-02A7CCEF1D95}.Debug|x86.Build.0 = Debug|Any CPU
		{B3FC2AED-999A-4EAB-9510-02A7CCEF1D95}.Release|Any CPU.ActiveCfg = Release|Any CPU
		{B3FC2AED-999A-4EAB-9510-02A7CCEF1D95}.Release|Any CPU.Build.0 = Release|Any CPU
		{B3FC2AED-999A-4EAB-9510-02A7CCEF1D95}.Release|x64.ActiveCfg = Release|Any CPU
		{B3FC2AED-999A-4EAB-9510-02A7CCEF1D95}.Release|x64.Build.0 = Release|Any CPU
		{B3FC2AED-999A-4EAB-9510-02A7CCEF1D95}.Release|x86.ActiveCfg = Release|Any CPU
		{B3FC2AED-999A-4EAB-9510-02A7CCEF1D95}.Release|x86.Build.0 = Release|Any CPU
		{3EEC8C3C-289C-4237-91FD-01BC5A3A9C05}.Debug|Any CPU.ActiveCfg = Debug|Any CPU
		{3EEC8C3C-289C-4237-91FD-01BC5A3A9C05}.Debug|Any CPU.Build.0 = Debug|Any CPU
		{3EEC8C3C-289C-4237-91FD-01BC5A3A9C05}.Debug|x64.ActiveCfg = Debug|Any CPU
		{3EEC8C3C-289C-4237-91FD-01BC5A3A9C05}.Debug|x64.Build.0 = Debug|Any CPU
		{3EEC8C3C-289C-4237-91FD-01BC5A3A9C05}.Debug|x86.ActiveCfg = Debug|Any CPU
		{3EEC8C3C-289C-4237-91FD-01BC5A3A9C05}.Debug|x86.Build.0 = Debug|Any CPU
		{3EEC8C3C-289C-4237-91FD-01BC5A3A9C05}.Release|Any CPU.ActiveCfg = Release|Any CPU
		{3EEC8C3C-289C-4237-91FD-01BC5A3A9C05}.Release|Any CPU.Build.0 = Release|Any CPU
		{3EEC8C3C-289C-4237-91FD-01BC5A3A9C05}.Release|x64.ActiveCfg = Release|Any CPU
		{3EEC8C3C-289C-4237-91FD-01BC5A3A9C05}.Release|x64.Build.0 = Release|Any CPU
		{3EEC8C3C-289C-4237-91FD-01BC5A3A9C05}.Release|x86.ActiveCfg = Release|Any CPU
		{3EEC8C3C-289C-4237-91FD-01BC5A3A9C05}.Release|x86.Build.0 = Release|Any CPU
		{09EDD0A5-7E25-40FA-800F-677AEC06133B}.Debug|Any CPU.ActiveCfg = Debug|Any CPU
		{09EDD0A5-7E25-40FA-800F-677AEC06133B}.Debug|Any CPU.Build.0 = Debug|Any CPU
		{09EDD0A5-7E25-40FA-800F-677AEC06133B}.Debug|x64.ActiveCfg = Debug|Any CPU
		{09EDD0A5-7E25-40FA-800F-677AEC06133B}.Debug|x64.Build.0 = Debug|Any CPU
		{09EDD0A5-7E25-40FA-800F-677AEC06133B}.Debug|x86.ActiveCfg = Debug|Any CPU
		{09EDD0A5-7E25-40FA-800F-677AEC06133B}.Debug|x86.Build.0 = Debug|Any CPU
		{09EDD0A5-7E25-40FA-800F-677AEC06133B}.Release|Any CPU.ActiveCfg = Release|Any CPU
		{09EDD0A5-7E25-40FA-800F-677AEC06133B}.Release|Any CPU.Build.0 = Release|Any CPU
		{09EDD0A5-7E25-40FA-800F-677AEC06133B}.Release|x64.ActiveCfg = Release|Any CPU
		{09EDD0A5-7E25-40FA-800F-677AEC06133B}.Release|x64.Build.0 = Release|Any CPU
		{09EDD0A5-7E25-40FA-800F-677AEC06133B}.Release|x86.ActiveCfg = Release|Any CPU
		{09EDD0A5-7E25-40FA-800F-677AEC06133B}.Release|x86.Build.0 = Release|Any CPU
		{B8522FEF-1678-4393-BD07-EAF9D475CDEC}.Debug|Any CPU.ActiveCfg = Debug|Any CPU
		{B8522FEF-1678-4393-BD07-EAF9D475CDEC}.Debug|Any CPU.Build.0 = Debug|Any CPU
		{B8522FEF-1678-4393-BD07-EAF9D475CDEC}.Debug|x64.ActiveCfg = Debug|Any CPU
		{B8522FEF-1678-4393-BD07-EAF9D475CDEC}.Debug|x64.Build.0 = Debug|Any CPU
		{B8522FEF-1678-4393-BD07-EAF9D475CDEC}.Debug|x86.ActiveCfg = Debug|Any CPU
		{B8522FEF-1678-4393-BD07-EAF9D475CDEC}.Debug|x86.Build.0 = Debug|Any CPU
		{B8522FEF-1678-4393-BD07-EAF9D475CDEC}.Release|Any CPU.ActiveCfg = Release|Any CPU
		{B8522FEF-1678-4393-BD07-EAF9D475CDEC}.Release|Any CPU.Build.0 = Release|Any CPU
		{B8522FEF-1678-4393-BD07-EAF9D475CDEC}.Release|x64.ActiveCfg = Release|Any CPU
		{B8522FEF-1678-4393-BD07-EAF9D475CDEC}.Release|x64.Build.0 = Release|Any CPU
		{B8522FEF-1678-4393-BD07-EAF9D475CDEC}.Release|x86.ActiveCfg = Release|Any CPU
		{B8522FEF-1678-4393-BD07-EAF9D475CDEC}.Release|x86.Build.0 = Release|Any CPU
		{717B9063-FFD2-4290-97B8-4E6BF2A5882F}.Debug|Any CPU.ActiveCfg = Debug|Any CPU
		{717B9063-FFD2-4290-97B8-4E6BF2A5882F}.Debug|Any CPU.Build.0 = Debug|Any CPU
		{717B9063-FFD2-4290-97B8-4E6BF2A5882F}.Debug|x64.ActiveCfg = Debug|Any CPU
		{717B9063-FFD2-4290-97B8-4E6BF2A5882F}.Debug|x64.Build.0 = Debug|Any CPU
		{717B9063-FFD2-4290-97B8-4E6BF2A5882F}.Debug|x86.ActiveCfg = Debug|Any CPU
		{717B9063-FFD2-4290-97B8-4E6BF2A5882F}.Debug|x86.Build.0 = Debug|Any CPU
		{717B9063-FFD2-4290-97B8-4E6BF2A5882F}.Release|Any CPU.ActiveCfg = Release|Any CPU
		{717B9063-FFD2-4290-97B8-4E6BF2A5882F}.Release|Any CPU.Build.0 = Release|Any CPU
		{717B9063-FFD2-4290-97B8-4E6BF2A5882F}.Release|x64.ActiveCfg = Release|Any CPU
		{717B9063-FFD2-4290-97B8-4E6BF2A5882F}.Release|x64.Build.0 = Release|Any CPU
		{717B9063-FFD2-4290-97B8-4E6BF2A5882F}.Release|x86.ActiveCfg = Release|Any CPU
		{717B9063-FFD2-4290-97B8-4E6BF2A5882F}.Release|x86.Build.0 = Release|Any CPU
		{0AACE7F0-E73C-45B8-9E67-564E97A5F86C}.Debug|Any CPU.ActiveCfg = Debug|Any CPU
		{0AACE7F0-E73C-45B8-9E67-564E97A5F86C}.Debug|Any CPU.Build.0 = Debug|Any CPU
		{0AACE7F0-E73C-45B8-9E67-564E97A5F86C}.Debug|x64.ActiveCfg = Debug|Any CPU
		{0AACE7F0-E73C-45B8-9E67-564E97A5F86C}.Debug|x64.Build.0 = Debug|Any CPU
		{0AACE7F0-E73C-45B8-9E67-564E97A5F86C}.Debug|x86.ActiveCfg = Debug|Any CPU
		{0AACE7F0-E73C-45B8-9E67-564E97A5F86C}.Debug|x86.Build.0 = Debug|Any CPU
		{0AACE7F0-E73C-45B8-9E67-564E97A5F86C}.Release|Any CPU.ActiveCfg = Release|Any CPU
		{0AACE7F0-E73C-45B8-9E67-564E97A5F86C}.Release|Any CPU.Build.0 = Release|Any CPU
		{0AACE7F0-E73C-45B8-9E67-564E97A5F86C}.Release|x64.ActiveCfg = Release|Any CPU
		{0AACE7F0-E73C-45B8-9E67-564E97A5F86C}.Release|x64.Build.0 = Release|Any CPU
		{0AACE7F0-E73C-45B8-9E67-564E97A5F86C}.Release|x86.ActiveCfg = Release|Any CPU
		{0AACE7F0-E73C-45B8-9E67-564E97A5F86C}.Release|x86.Build.0 = Release|Any CPU
		{EDB41344-7520-7143-BF41-322BCC76890F}.Debug|Any CPU.ActiveCfg = Debug|Any CPU
		{EDB41344-7520-7143-BF41-322BCC76890F}.Debug|Any CPU.Build.0 = Debug|Any CPU
		{EDB41344-7520-7143-BF41-322BCC76890F}.Debug|x64.ActiveCfg = Debug|Any CPU
		{EDB41344-7520-7143-BF41-322BCC76890F}.Debug|x64.Build.0 = Debug|Any CPU
		{EDB41344-7520-7143-BF41-322BCC76890F}.Debug|x86.ActiveCfg = Debug|Any CPU
		{EDB41344-7520-7143-BF41-322BCC76890F}.Debug|x86.Build.0 = Debug|Any CPU
		{EDB41344-7520-7143-BF41-322BCC76890F}.Release|Any CPU.ActiveCfg = Release|Any CPU
		{EDB41344-7520-7143-BF41-322BCC76890F}.Release|Any CPU.Build.0 = Release|Any CPU
		{EDB41344-7520-7143-BF41-322BCC76890F}.Release|x64.ActiveCfg = Release|Any CPU
		{EDB41344-7520-7143-BF41-322BCC76890F}.Release|x64.Build.0 = Release|Any CPU
		{EDB41344-7520-7143-BF41-322BCC76890F}.Release|x86.ActiveCfg = Release|Any CPU
		{EDB41344-7520-7143-BF41-322BCC76890F}.Release|x86.Build.0 = Release|Any CPU
		{429007E7-939B-4B10-AF2E-362559E72FCF}.Debug|Any CPU.ActiveCfg = Debug|Any CPU
		{429007E7-939B-4B10-AF2E-362559E72FCF}.Debug|Any CPU.Build.0 = Debug|Any CPU
		{429007E7-939B-4B10-AF2E-362559E72FCF}.Debug|x64.ActiveCfg = Debug|Any CPU
		{429007E7-939B-4B10-AF2E-362559E72FCF}.Debug|x64.Build.0 = Debug|Any CPU
		{429007E7-939B-4B10-AF2E-362559E72FCF}.Debug|x86.ActiveCfg = Debug|Any CPU
		{429007E7-939B-4B10-AF2E-362559E72FCF}.Debug|x86.Build.0 = Debug|Any CPU
		{429007E7-939B-4B10-AF2E-362559E72FCF}.Release|Any CPU.ActiveCfg = Release|Any CPU
		{429007E7-939B-4B10-AF2E-362559E72FCF}.Release|Any CPU.Build.0 = Release|Any CPU
		{429007E7-939B-4B10-AF2E-362559E72FCF}.Release|x64.ActiveCfg = Release|Any CPU
		{429007E7-939B-4B10-AF2E-362559E72FCF}.Release|x64.Build.0 = Release|Any CPU
		{429007E7-939B-4B10-AF2E-362559E72FCF}.Release|x86.ActiveCfg = Release|Any CPU
		{429007E7-939B-4B10-AF2E-362559E72FCF}.Release|x86.Build.0 = Release|Any CPU
		{5C1AB00F-2737-F193-60DC-7AC5A0CE66A6}.Debug|Any CPU.ActiveCfg = Debug|Any CPU
		{5C1AB00F-2737-F193-60DC-7AC5A0CE66A6}.Debug|Any CPU.Build.0 = Debug|Any CPU
		{5C1AB00F-2737-F193-60DC-7AC5A0CE66A6}.Debug|x64.ActiveCfg = Debug|Any CPU
		{5C1AB00F-2737-F193-60DC-7AC5A0CE66A6}.Debug|x64.Build.0 = Debug|Any CPU
		{5C1AB00F-2737-F193-60DC-7AC5A0CE66A6}.Debug|x86.ActiveCfg = Debug|Any CPU
		{5C1AB00F-2737-F193-60DC-7AC5A0CE66A6}.Debug|x86.Build.0 = Debug|Any CPU
		{5C1AB00F-2737-F193-60DC-7AC5A0CE66A6}.Release|Any CPU.ActiveCfg = Release|Any CPU
		{5C1AB00F-2737-F193-60DC-7AC5A0CE66A6}.Release|Any CPU.Build.0 = Release|Any CPU
		{5C1AB00F-2737-F193-60DC-7AC5A0CE66A6}.Release|x64.ActiveCfg = Release|Any CPU
		{5C1AB00F-2737-F193-60DC-7AC5A0CE66A6}.Release|x64.Build.0 = Release|Any CPU
		{5C1AB00F-2737-F193-60DC-7AC5A0CE66A6}.Release|x86.ActiveCfg = Release|Any CPU
		{5C1AB00F-2737-F193-60DC-7AC5A0CE66A6}.Release|x86.Build.0 = Release|Any CPU
		{59D14520-6974-4BFE-E1AC-5A48900545EF}.Debug|Any CPU.ActiveCfg = Debug|Any CPU
		{59D14520-6974-4BFE-E1AC-5A48900545EF}.Debug|Any CPU.Build.0 = Debug|Any CPU
		{59D14520-6974-4BFE-E1AC-5A48900545EF}.Debug|x64.ActiveCfg = Debug|Any CPU
		{59D14520-6974-4BFE-E1AC-5A48900545EF}.Debug|x64.Build.0 = Debug|Any CPU
		{59D14520-6974-4BFE-E1AC-5A48900545EF}.Debug|x86.ActiveCfg = Debug|Any CPU
		{59D14520-6974-4BFE-E1AC-5A48900545EF}.Debug|x86.Build.0 = Debug|Any CPU
		{59D14520-6974-4BFE-E1AC-5A48900545EF}.Release|Any CPU.ActiveCfg = Release|Any CPU
		{59D14520-6974-4BFE-E1AC-5A48900545EF}.Release|Any CPU.Build.0 = Release|Any CPU
		{59D14520-6974-4BFE-E1AC-5A48900545EF}.Release|x64.ActiveCfg = Release|Any CPU
		{59D14520-6974-4BFE-E1AC-5A48900545EF}.Release|x64.Build.0 = Release|Any CPU
		{59D14520-6974-4BFE-E1AC-5A48900545EF}.Release|x86.ActiveCfg = Release|Any CPU
		{59D14520-6974-4BFE-E1AC-5A48900545EF}.Release|x86.Build.0 = Release|Any CPU
		{894104D6-A8C1-BDD4-6B38-4AA6ACFBA5C3}.Debug|Any CPU.ActiveCfg = Debug|Any CPU
		{894104D6-A8C1-BDD4-6B38-4AA6ACFBA5C3}.Debug|Any CPU.Build.0 = Debug|Any CPU
		{894104D6-A8C1-BDD4-6B38-4AA6ACFBA5C3}.Debug|x64.ActiveCfg = Debug|Any CPU
		{894104D6-A8C1-BDD4-6B38-4AA6ACFBA5C3}.Debug|x64.Build.0 = Debug|Any CPU
		{894104D6-A8C1-BDD4-6B38-4AA6ACFBA5C3}.Debug|x86.ActiveCfg = Debug|Any CPU
		{894104D6-A8C1-BDD4-6B38-4AA6ACFBA5C3}.Debug|x86.Build.0 = Debug|Any CPU
		{894104D6-A8C1-BDD4-6B38-4AA6ACFBA5C3}.Release|Any CPU.ActiveCfg = Release|Any CPU
		{894104D6-A8C1-BDD4-6B38-4AA6ACFBA5C3}.Release|Any CPU.Build.0 = Release|Any CPU
		{894104D6-A8C1-BDD4-6B38-4AA6ACFBA5C3}.Release|x64.ActiveCfg = Release|Any CPU
		{894104D6-A8C1-BDD4-6B38-4AA6ACFBA5C3}.Release|x64.Build.0 = Release|Any CPU
		{894104D6-A8C1-BDD4-6B38-4AA6ACFBA5C3}.Release|x86.ActiveCfg = Release|Any CPU
		{894104D6-A8C1-BDD4-6B38-4AA6ACFBA5C3}.Release|x86.Build.0 = Release|Any CPU
		{F5E8B3F7-6A4A-F771-635F-6B8359E1A398}.Debug|Any CPU.ActiveCfg = Debug|Any CPU
		{F5E8B3F7-6A4A-F771-635F-6B8359E1A398}.Debug|Any CPU.Build.0 = Debug|Any CPU
		{F5E8B3F7-6A4A-F771-635F-6B8359E1A398}.Debug|x64.ActiveCfg = Debug|Any CPU
		{F5E8B3F7-6A4A-F771-635F-6B8359E1A398}.Debug|x64.Build.0 = Debug|Any CPU
		{F5E8B3F7-6A4A-F771-635F-6B8359E1A398}.Debug|x86.ActiveCfg = Debug|Any CPU
		{F5E8B3F7-6A4A-F771-635F-6B8359E1A398}.Debug|x86.Build.0 = Debug|Any CPU
		{F5E8B3F7-6A4A-F771-635F-6B8359E1A398}.Release|Any CPU.ActiveCfg = Release|Any CPU
		{F5E8B3F7-6A4A-F771-635F-6B8359E1A398}.Release|Any CPU.Build.0 = Release|Any CPU
		{F5E8B3F7-6A4A-F771-635F-6B8359E1A398}.Release|x64.ActiveCfg = Release|Any CPU
		{F5E8B3F7-6A4A-F771-635F-6B8359E1A398}.Release|x64.Build.0 = Release|Any CPU
		{F5E8B3F7-6A4A-F771-635F-6B8359E1A398}.Release|x86.ActiveCfg = Release|Any CPU
		{F5E8B3F7-6A4A-F771-635F-6B8359E1A398}.Release|x86.Build.0 = Release|Any CPU
		{F9F554A1-843D-41E1-B43F-CFC620461B0F}.Debug|Any CPU.ActiveCfg = Debug|Any CPU
		{F9F554A1-843D-41E1-B43F-CFC620461B0F}.Debug|Any CPU.Build.0 = Debug|Any CPU
		{F9F554A1-843D-41E1-B43F-CFC620461B0F}.Debug|x64.ActiveCfg = Debug|Any CPU
		{F9F554A1-843D-41E1-B43F-CFC620461B0F}.Debug|x64.Build.0 = Debug|Any CPU
		{F9F554A1-843D-41E1-B43F-CFC620461B0F}.Debug|x86.ActiveCfg = Debug|Any CPU
		{F9F554A1-843D-41E1-B43F-CFC620461B0F}.Debug|x86.Build.0 = Debug|Any CPU
		{F9F554A1-843D-41E1-B43F-CFC620461B0F}.Release|Any CPU.ActiveCfg = Release|Any CPU
		{F9F554A1-843D-41E1-B43F-CFC620461B0F}.Release|Any CPU.Build.0 = Release|Any CPU
		{F9F554A1-843D-41E1-B43F-CFC620461B0F}.Release|x64.ActiveCfg = Release|Any CPU
		{F9F554A1-843D-41E1-B43F-CFC620461B0F}.Release|x64.Build.0 = Release|Any CPU
		{F9F554A1-843D-41E1-B43F-CFC620461B0F}.Release|x86.ActiveCfg = Release|Any CPU
		{F9F554A1-843D-41E1-B43F-CFC620461B0F}.Release|x86.Build.0 = Release|Any CPU
		{6CE7CB9E-84C4-4461-8123-A566EFC804A7}.Debug|Any CPU.ActiveCfg = Debug|Any CPU
		{6CE7CB9E-84C4-4461-8123-A566EFC804A7}.Debug|Any CPU.Build.0 = Debug|Any CPU
		{6CE7CB9E-84C4-4461-8123-A566EFC804A7}.Debug|x64.ActiveCfg = Debug|Any CPU
		{6CE7CB9E-84C4-4461-8123-A566EFC804A7}.Debug|x64.Build.0 = Debug|Any CPU
		{6CE7CB9E-84C4-4461-8123-A566EFC804A7}.Debug|x86.ActiveCfg = Debug|Any CPU
		{6CE7CB9E-84C4-4461-8123-A566EFC804A7}.Debug|x86.Build.0 = Debug|Any CPU
		{6CE7CB9E-84C4-4461-8123-A566EFC804A7}.Release|Any CPU.ActiveCfg = Release|Any CPU
		{6CE7CB9E-84C4-4461-8123-A566EFC804A7}.Release|Any CPU.Build.0 = Release|Any CPU
		{6CE7CB9E-84C4-4461-8123-A566EFC804A7}.Release|x64.ActiveCfg = Release|Any CPU
		{6CE7CB9E-84C4-4461-8123-A566EFC804A7}.Release|x64.Build.0 = Release|Any CPU
		{6CE7CB9E-84C4-4461-8123-A566EFC804A7}.Release|x86.ActiveCfg = Release|Any CPU
		{6CE7CB9E-84C4-4461-8123-A566EFC804A7}.Release|x86.Build.0 = Release|Any CPU
		{6EEDAF65-E553-4FA5-9521-076002EDCB0A}.Debug|Any CPU.ActiveCfg = Debug|Any CPU
		{6EEDAF65-E553-4FA5-9521-076002EDCB0A}.Debug|Any CPU.Build.0 = Debug|Any CPU
		{6EEDAF65-E553-4FA5-9521-076002EDCB0A}.Debug|x64.ActiveCfg = Debug|Any CPU
		{6EEDAF65-E553-4FA5-9521-076002EDCB0A}.Debug|x64.Build.0 = Debug|Any CPU
		{6EEDAF65-E553-4FA5-9521-076002EDCB0A}.Debug|x86.ActiveCfg = Debug|Any CPU
		{6EEDAF65-E553-4FA5-9521-076002EDCB0A}.Debug|x86.Build.0 = Debug|Any CPU
		{6EEDAF65-E553-4FA5-9521-076002EDCB0A}.Release|Any CPU.ActiveCfg = Release|Any CPU
		{6EEDAF65-E553-4FA5-9521-076002EDCB0A}.Release|Any CPU.Build.0 = Release|Any CPU
		{6EEDAF65-E553-4FA5-9521-076002EDCB0A}.Release|x64.ActiveCfg = Release|Any CPU
		{6EEDAF65-E553-4FA5-9521-076002EDCB0A}.Release|x64.Build.0 = Release|Any CPU
		{6EEDAF65-E553-4FA5-9521-076002EDCB0A}.Release|x86.ActiveCfg = Release|Any CPU
		{6EEDAF65-E553-4FA5-9521-076002EDCB0A}.Release|x86.Build.0 = Release|Any CPU
		{796432E6-1447-4BE9-A36C-ACE5A0AB6FC3}.Debug|Any CPU.ActiveCfg = Debug|Any CPU
		{796432E6-1447-4BE9-A36C-ACE5A0AB6FC3}.Debug|Any CPU.Build.0 = Debug|Any CPU
		{796432E6-1447-4BE9-A36C-ACE5A0AB6FC3}.Debug|x64.ActiveCfg = Debug|Any CPU
		{796432E6-1447-4BE9-A36C-ACE5A0AB6FC3}.Debug|x64.Build.0 = Debug|Any CPU
		{796432E6-1447-4BE9-A36C-ACE5A0AB6FC3}.Debug|x86.ActiveCfg = Debug|Any CPU
		{796432E6-1447-4BE9-A36C-ACE5A0AB6FC3}.Debug|x86.Build.0 = Debug|Any CPU
		{796432E6-1447-4BE9-A36C-ACE5A0AB6FC3}.Release|Any CPU.ActiveCfg = Release|Any CPU
		{796432E6-1447-4BE9-A36C-ACE5A0AB6FC3}.Release|Any CPU.Build.0 = Release|Any CPU
		{796432E6-1447-4BE9-A36C-ACE5A0AB6FC3}.Release|x64.ActiveCfg = Release|Any CPU
		{796432E6-1447-4BE9-A36C-ACE5A0AB6FC3}.Release|x64.Build.0 = Release|Any CPU
		{796432E6-1447-4BE9-A36C-ACE5A0AB6FC3}.Release|x86.ActiveCfg = Release|Any CPU
		{796432E6-1447-4BE9-A36C-ACE5A0AB6FC3}.Release|x86.Build.0 = Release|Any CPU
		{43B76DF6-FEF4-4E88-8A3B-86A24026CDEA}.Debug|Any CPU.ActiveCfg = Debug|Any CPU
		{43B76DF6-FEF4-4E88-8A3B-86A24026CDEA}.Debug|Any CPU.Build.0 = Debug|Any CPU
		{43B76DF6-FEF4-4E88-8A3B-86A24026CDEA}.Debug|x64.ActiveCfg = Debug|Any CPU
		{43B76DF6-FEF4-4E88-8A3B-86A24026CDEA}.Debug|x64.Build.0 = Debug|Any CPU
		{43B76DF6-FEF4-4E88-8A3B-86A24026CDEA}.Debug|x86.ActiveCfg = Debug|Any CPU
		{43B76DF6-FEF4-4E88-8A3B-86A24026CDEA}.Debug|x86.Build.0 = Debug|Any CPU
		{43B76DF6-FEF4-4E88-8A3B-86A24026CDEA}.Release|Any CPU.ActiveCfg = Release|Any CPU
		{43B76DF6-FEF4-4E88-8A3B-86A24026CDEA}.Release|Any CPU.Build.0 = Release|Any CPU
		{43B76DF6-FEF4-4E88-8A3B-86A24026CDEA}.Release|x64.ActiveCfg = Release|Any CPU
		{43B76DF6-FEF4-4E88-8A3B-86A24026CDEA}.Release|x64.Build.0 = Release|Any CPU
		{43B76DF6-FEF4-4E88-8A3B-86A24026CDEA}.Release|x86.ActiveCfg = Release|Any CPU
		{43B76DF6-FEF4-4E88-8A3B-86A24026CDEA}.Release|x86.Build.0 = Release|Any CPU
		{77A8FAB3-34C4-4D6D-9D76-6FE93F575516}.Debug|Any CPU.ActiveCfg = Debug|Any CPU
		{77A8FAB3-34C4-4D6D-9D76-6FE93F575516}.Debug|Any CPU.Build.0 = Debug|Any CPU
		{77A8FAB3-34C4-4D6D-9D76-6FE93F575516}.Debug|x64.ActiveCfg = Debug|Any CPU
		{77A8FAB3-34C4-4D6D-9D76-6FE93F575516}.Debug|x64.Build.0 = Debug|Any CPU
		{77A8FAB3-34C4-4D6D-9D76-6FE93F575516}.Debug|x86.ActiveCfg = Debug|Any CPU
		{77A8FAB3-34C4-4D6D-9D76-6FE93F575516}.Debug|x86.Build.0 = Debug|Any CPU
		{77A8FAB3-34C4-4D6D-9D76-6FE93F575516}.Release|Any CPU.ActiveCfg = Release|Any CPU
		{77A8FAB3-34C4-4D6D-9D76-6FE93F575516}.Release|Any CPU.Build.0 = Release|Any CPU
		{77A8FAB3-34C4-4D6D-9D76-6FE93F575516}.Release|x64.ActiveCfg = Release|Any CPU
		{77A8FAB3-34C4-4D6D-9D76-6FE93F575516}.Release|x64.Build.0 = Release|Any CPU
		{77A8FAB3-34C4-4D6D-9D76-6FE93F575516}.Release|x86.ActiveCfg = Release|Any CPU
		{77A8FAB3-34C4-4D6D-9D76-6FE93F575516}.Release|x86.Build.0 = Release|Any CPU
		{44ED4ADE-4ACC-0774-B997-C40447A4FD9A}.Debug|Any CPU.ActiveCfg = Debug|Any CPU
		{44ED4ADE-4ACC-0774-B997-C40447A4FD9A}.Debug|Any CPU.Build.0 = Debug|Any CPU
		{44ED4ADE-4ACC-0774-B997-C40447A4FD9A}.Debug|x64.ActiveCfg = Debug|Any CPU
		{44ED4ADE-4ACC-0774-B997-C40447A4FD9A}.Debug|x64.Build.0 = Debug|Any CPU
		{44ED4ADE-4ACC-0774-B997-C40447A4FD9A}.Debug|x86.ActiveCfg = Debug|Any CPU
		{44ED4ADE-4ACC-0774-B997-C40447A4FD9A}.Debug|x86.Build.0 = Debug|Any CPU
		{44ED4ADE-4ACC-0774-B997-C40447A4FD9A}.Release|Any CPU.ActiveCfg = Release|Any CPU
		{44ED4ADE-4ACC-0774-B997-C40447A4FD9A}.Release|Any CPU.Build.0 = Release|Any CPU
		{44ED4ADE-4ACC-0774-B997-C40447A4FD9A}.Release|x64.ActiveCfg = Release|Any CPU
		{44ED4ADE-4ACC-0774-B997-C40447A4FD9A}.Release|x64.Build.0 = Release|Any CPU
		{44ED4ADE-4ACC-0774-B997-C40447A4FD9A}.Release|x86.ActiveCfg = Release|Any CPU
		{44ED4ADE-4ACC-0774-B997-C40447A4FD9A}.Release|x86.Build.0 = Release|Any CPU
		{9D9250A7-87A8-3BB0-1809-87353CE8A07D}.Debug|Any CPU.ActiveCfg = Debug|Any CPU
		{9D9250A7-87A8-3BB0-1809-87353CE8A07D}.Debug|Any CPU.Build.0 = Debug|Any CPU
		{9D9250A7-87A8-3BB0-1809-87353CE8A07D}.Debug|x64.ActiveCfg = Debug|Any CPU
		{9D9250A7-87A8-3BB0-1809-87353CE8A07D}.Debug|x64.Build.0 = Debug|Any CPU
		{9D9250A7-87A8-3BB0-1809-87353CE8A07D}.Debug|x86.ActiveCfg = Debug|Any CPU
		{9D9250A7-87A8-3BB0-1809-87353CE8A07D}.Debug|x86.Build.0 = Debug|Any CPU
		{9D9250A7-87A8-3BB0-1809-87353CE8A07D}.Release|Any CPU.ActiveCfg = Release|Any CPU
		{9D9250A7-87A8-3BB0-1809-87353CE8A07D}.Release|Any CPU.Build.0 = Release|Any CPU
		{9D9250A7-87A8-3BB0-1809-87353CE8A07D}.Release|x64.ActiveCfg = Release|Any CPU
		{9D9250A7-87A8-3BB0-1809-87353CE8A07D}.Release|x64.Build.0 = Release|Any CPU
		{9D9250A7-87A8-3BB0-1809-87353CE8A07D}.Release|x86.ActiveCfg = Release|Any CPU
		{9D9250A7-87A8-3BB0-1809-87353CE8A07D}.Release|x86.Build.0 = Release|Any CPU
		{FC39D78C-777A-5478-633A-9FF5A26D5640}.Debug|Any CPU.ActiveCfg = Debug|Any CPU
		{FC39D78C-777A-5478-633A-9FF5A26D5640}.Debug|Any CPU.Build.0 = Debug|Any CPU
		{FC39D78C-777A-5478-633A-9FF5A26D5640}.Debug|x64.ActiveCfg = Debug|Any CPU
		{FC39D78C-777A-5478-633A-9FF5A26D5640}.Debug|x64.Build.0 = Debug|Any CPU
		{FC39D78C-777A-5478-633A-9FF5A26D5640}.Debug|x86.ActiveCfg = Debug|Any CPU
		{FC39D78C-777A-5478-633A-9FF5A26D5640}.Debug|x86.Build.0 = Debug|Any CPU
		{FC39D78C-777A-5478-633A-9FF5A26D5640}.Release|Any CPU.ActiveCfg = Release|Any CPU
		{FC39D78C-777A-5478-633A-9FF5A26D5640}.Release|Any CPU.Build.0 = Release|Any CPU
		{FC39D78C-777A-5478-633A-9FF5A26D5640}.Release|x64.ActiveCfg = Release|Any CPU
		{FC39D78C-777A-5478-633A-9FF5A26D5640}.Release|x64.Build.0 = Release|Any CPU
		{FC39D78C-777A-5478-633A-9FF5A26D5640}.Release|x86.ActiveCfg = Release|Any CPU
		{FC39D78C-777A-5478-633A-9FF5A26D5640}.Release|x86.Build.0 = Release|Any CPU
		{FD2AF1DF-6B89-5C41-741B-244DA2DDBEC3}.Debug|Any CPU.ActiveCfg = Debug|Any CPU
		{FD2AF1DF-6B89-5C41-741B-244DA2DDBEC3}.Debug|Any CPU.Build.0 = Debug|Any CPU
		{FD2AF1DF-6B89-5C41-741B-244DA2DDBEC3}.Debug|x64.ActiveCfg = Debug|Any CPU
		{FD2AF1DF-6B89-5C41-741B-244DA2DDBEC3}.Debug|x64.Build.0 = Debug|Any CPU
		{FD2AF1DF-6B89-5C41-741B-244DA2DDBEC3}.Debug|x86.ActiveCfg = Debug|Any CPU
		{FD2AF1DF-6B89-5C41-741B-244DA2DDBEC3}.Debug|x86.Build.0 = Debug|Any CPU
		{FD2AF1DF-6B89-5C41-741B-244DA2DDBEC3}.Release|Any CPU.ActiveCfg = Release|Any CPU
		{FD2AF1DF-6B89-5C41-741B-244DA2DDBEC3}.Release|Any CPU.Build.0 = Release|Any CPU
		{FD2AF1DF-6B89-5C41-741B-244DA2DDBEC3}.Release|x64.ActiveCfg = Release|Any CPU
		{FD2AF1DF-6B89-5C41-741B-244DA2DDBEC3}.Release|x64.Build.0 = Release|Any CPU
		{FD2AF1DF-6B89-5C41-741B-244DA2DDBEC3}.Release|x86.ActiveCfg = Release|Any CPU
		{FD2AF1DF-6B89-5C41-741B-244DA2DDBEC3}.Release|x86.Build.0 = Release|Any CPU
		{AB18B45E-93F0-B650-5FA5-F8FD6E07BA2D}.Debug|Any CPU.ActiveCfg = Debug|Any CPU
		{AB18B45E-93F0-B650-5FA5-F8FD6E07BA2D}.Debug|Any CPU.Build.0 = Debug|Any CPU
		{AB18B45E-93F0-B650-5FA5-F8FD6E07BA2D}.Debug|x64.ActiveCfg = Debug|Any CPU
		{AB18B45E-93F0-B650-5FA5-F8FD6E07BA2D}.Debug|x64.Build.0 = Debug|Any CPU
		{AB18B45E-93F0-B650-5FA5-F8FD6E07BA2D}.Debug|x86.ActiveCfg = Debug|Any CPU
		{AB18B45E-93F0-B650-5FA5-F8FD6E07BA2D}.Debug|x86.Build.0 = Debug|Any CPU
		{AB18B45E-93F0-B650-5FA5-F8FD6E07BA2D}.Release|Any CPU.ActiveCfg = Release|Any CPU
		{AB18B45E-93F0-B650-5FA5-F8FD6E07BA2D}.Release|Any CPU.Build.0 = Release|Any CPU
		{AB18B45E-93F0-B650-5FA5-F8FD6E07BA2D}.Release|x64.ActiveCfg = Release|Any CPU
		{AB18B45E-93F0-B650-5FA5-F8FD6E07BA2D}.Release|x64.Build.0 = Release|Any CPU
		{AB18B45E-93F0-B650-5FA5-F8FD6E07BA2D}.Release|x86.ActiveCfg = Release|Any CPU
		{AB18B45E-93F0-B650-5FA5-F8FD6E07BA2D}.Release|x86.Build.0 = Release|Any CPU
		{7579DEFE-B845-5C4A-EAA4-52B46CA03634}.Debug|Any CPU.ActiveCfg = Debug|Any CPU
		{7579DEFE-B845-5C4A-EAA4-52B46CA03634}.Debug|Any CPU.Build.0 = Debug|Any CPU
		{7579DEFE-B845-5C4A-EAA4-52B46CA03634}.Debug|x64.ActiveCfg = Debug|Any CPU
		{7579DEFE-B845-5C4A-EAA4-52B46CA03634}.Debug|x64.Build.0 = Debug|Any CPU
		{7579DEFE-B845-5C4A-EAA4-52B46CA03634}.Debug|x86.ActiveCfg = Debug|Any CPU
		{7579DEFE-B845-5C4A-EAA4-52B46CA03634}.Debug|x86.Build.0 = Debug|Any CPU
		{7579DEFE-B845-5C4A-EAA4-52B46CA03634}.Release|Any CPU.ActiveCfg = Release|Any CPU
		{7579DEFE-B845-5C4A-EAA4-52B46CA03634}.Release|Any CPU.Build.0 = Release|Any CPU
		{7579DEFE-B845-5C4A-EAA4-52B46CA03634}.Release|x64.ActiveCfg = Release|Any CPU
		{7579DEFE-B845-5C4A-EAA4-52B46CA03634}.Release|x64.Build.0 = Release|Any CPU
		{7579DEFE-B845-5C4A-EAA4-52B46CA03634}.Release|x86.ActiveCfg = Release|Any CPU
		{7579DEFE-B845-5C4A-EAA4-52B46CA03634}.Release|x86.Build.0 = Release|Any CPU
		{905F97F2-2375-6994-998F-0C544E24F06C}.Debug|Any CPU.ActiveCfg = Debug|Any CPU
		{905F97F2-2375-6994-998F-0C544E24F06C}.Debug|Any CPU.Build.0 = Debug|Any CPU
		{905F97F2-2375-6994-998F-0C544E24F06C}.Debug|x64.ActiveCfg = Debug|Any CPU
		{905F97F2-2375-6994-998F-0C544E24F06C}.Debug|x64.Build.0 = Debug|Any CPU
		{905F97F2-2375-6994-998F-0C544E24F06C}.Debug|x86.ActiveCfg = Debug|Any CPU
		{905F97F2-2375-6994-998F-0C544E24F06C}.Debug|x86.Build.0 = Debug|Any CPU
		{905F97F2-2375-6994-998F-0C544E24F06C}.Release|Any CPU.ActiveCfg = Release|Any CPU
		{905F97F2-2375-6994-998F-0C544E24F06C}.Release|Any CPU.Build.0 = Release|Any CPU
		{905F97F2-2375-6994-998F-0C544E24F06C}.Release|x64.ActiveCfg = Release|Any CPU
		{905F97F2-2375-6994-998F-0C544E24F06C}.Release|x64.Build.0 = Release|Any CPU
		{905F97F2-2375-6994-998F-0C544E24F06C}.Release|x86.ActiveCfg = Release|Any CPU
		{905F97F2-2375-6994-998F-0C544E24F06C}.Release|x86.Build.0 = Release|Any CPU
		{E055C054-E322-9A3B-82AE-3CCA635A747E}.Debug|Any CPU.ActiveCfg = Debug|Any CPU
		{E055C054-E322-9A3B-82AE-3CCA635A747E}.Debug|Any CPU.Build.0 = Debug|Any CPU
		{E055C054-E322-9A3B-82AE-3CCA635A747E}.Debug|x64.ActiveCfg = Debug|Any CPU
		{E055C054-E322-9A3B-82AE-3CCA635A747E}.Debug|x64.Build.0 = Debug|Any CPU
		{E055C054-E322-9A3B-82AE-3CCA635A747E}.Debug|x86.ActiveCfg = Debug|Any CPU
		{E055C054-E322-9A3B-82AE-3CCA635A747E}.Debug|x86.Build.0 = Debug|Any CPU
		{E055C054-E322-9A3B-82AE-3CCA635A747E}.Release|Any CPU.ActiveCfg = Release|Any CPU
		{E055C054-E322-9A3B-82AE-3CCA635A747E}.Release|Any CPU.Build.0 = Release|Any CPU
		{E055C054-E322-9A3B-82AE-3CCA635A747E}.Release|x64.ActiveCfg = Release|Any CPU
		{E055C054-E322-9A3B-82AE-3CCA635A747E}.Release|x64.Build.0 = Release|Any CPU
		{E055C054-E322-9A3B-82AE-3CCA635A747E}.Release|x86.ActiveCfg = Release|Any CPU
		{E055C054-E322-9A3B-82AE-3CCA635A747E}.Release|x86.Build.0 = Release|Any CPU
		{81DDED9D-158B-E303-5F62-77A2896D2A5A}.Debug|Any CPU.ActiveCfg = Debug|Any CPU
		{81DDED9D-158B-E303-5F62-77A2896D2A5A}.Debug|Any CPU.Build.0 = Debug|Any CPU
		{81DDED9D-158B-E303-5F62-77A2896D2A5A}.Debug|x64.ActiveCfg = Debug|Any CPU
		{81DDED9D-158B-E303-5F62-77A2896D2A5A}.Debug|x64.Build.0 = Debug|Any CPU
		{81DDED9D-158B-E303-5F62-77A2896D2A5A}.Debug|x86.ActiveCfg = Debug|Any CPU
		{81DDED9D-158B-E303-5F62-77A2896D2A5A}.Debug|x86.Build.0 = Debug|Any CPU
		{81DDED9D-158B-E303-5F62-77A2896D2A5A}.Release|Any CPU.ActiveCfg = Release|Any CPU
		{81DDED9D-158B-E303-5F62-77A2896D2A5A}.Release|Any CPU.Build.0 = Release|Any CPU
		{81DDED9D-158B-E303-5F62-77A2896D2A5A}.Release|x64.ActiveCfg = Release|Any CPU
		{81DDED9D-158B-E303-5F62-77A2896D2A5A}.Release|x64.Build.0 = Release|Any CPU
		{81DDED9D-158B-E303-5F62-77A2896D2A5A}.Release|x86.ActiveCfg = Release|Any CPU
		{81DDED9D-158B-E303-5F62-77A2896D2A5A}.Release|x86.Build.0 = Release|Any CPU
	EndGlobalSection
	GlobalSection(SolutionProperties) = preSolution
		HideSolutionNode = FALSE
	EndGlobalSection
	GlobalSection(NestedProjects) = preSolution
		{DA8A6239-8186-7DE3-C3B6-2054A9185D22} = {8FD1FFD7-F354-4B11-851F-FA7CB39A313C}
		{B2E5D1A3-7F2C-4E8A-9C1B-5F3E2D8A1B4C} = {8FD1FFD7-F354-4B11-851F-FA7CB39A313C}
		{C7F9E2B4-8A3D-4F5C-1D2E-6F4F3E9B2C5D} = {8FD1FFD7-F354-4B11-851F-FA7CB39A313C}
		{D8A0F3C5-9B4E-5A6D-2E3F-7B5A4F0C3D6E} = {8FD1FFD7-F354-4B11-851F-FA7CB39A313C}
		{E9B1A4D6-0C5F-6B7E-3F4A-8C6B5A1D4E7F} = {8FD1FFD7-F354-4B11-851F-FA7CB39A313C}
		{F0C2B5E7-1D6A-7C8F-4A5B-9D7C6B2E5F8A} = {8FD1FFD7-F354-4B11-851F-FA7CB39A313C}
		{A1D3C6F8-2E7B-8D9A-5B6C-0E8D7C3F6A9B} = {8FD1FFD7-F354-4B11-851F-FA7CB39A313C}
		{EDB41344-7520-7143-BF41-322BCC76890F} = {8FD1FFD7-F354-4B11-851F-FA7CB39A313C}
		{429007E7-939B-4B10-AF2E-362559E72FCF} = {8FD1FFD7-F354-4B11-851F-FA7CB39A313C}
		{81DDED9D-158B-E303-5F62-77A2896D2A5A} = {8FD1FFD7-F354-4B11-851F-FA7CB39A313C}
		{59F1D985-5835-4410-9384-636585CFEAA3} = {DA8A6239-8186-7DE3-C3B6-2054A9185D22}
		{73887628-D2F2-41A2-B713-886F63EB84B4} = {DA8A6239-8186-7DE3-C3B6-2054A9185D22}
		{60E6CF27-C6AB-45FF-A301-873C332E65F5} = {DA8A6239-8186-7DE3-C3B6-2054A9185D22}
		{16A5CAED-07E2-42A4-AAFC-602F040C34F4} = {DA8A6239-8186-7DE3-C3B6-2054A9185D22}
		{BA8DF615-84F0-4AA2-9857-B701151A80FB} = {DA8A6239-8186-7DE3-C3B6-2054A9185D22}
		{E30A6086-C8A2-4C9C-AE00-942DAD5C29F2} = {B2E5D1A3-7F2C-4E8A-9C1B-5F3E2D8A1B4C}
		{6B811F5E-9D2F-4395-9290-B7975E350031} = {B2E5D1A3-7F2C-4E8A-9C1B-5F3E2D8A1B4C}
		{DEF55DDF-FB59-4F79-84B6-323775F22A8B} = {B2E5D1A3-7F2C-4E8A-9C1B-5F3E2D8A1B4C}
		{333EF770-1CD8-4752-ADC9-98602E1AFFB2} = {B2E5D1A3-7F2C-4E8A-9C1B-5F3E2D8A1B4C}
		{F31C27D1-6928-450A-9C5E-909E7DDF9F3E} = {B2E5D1A3-7F2C-4E8A-9C1B-5F3E2D8A1B4C}
		{E82B935A-722F-4581-AC16-89911DD49645} = {C7F9E2B4-8A3D-4F5C-1D2E-6F4F3E9B2C5D}
		{671951D1-6B84-4D2F-BC3E-475FA5201C97} = {C7F9E2B4-8A3D-4F5C-1D2E-6F4F3E9B2C5D}
		{3846DC1C-123B-4B75-81D3-586E122F46A6} = {C7F9E2B4-8A3D-4F5C-1D2E-6F4F3E9B2C5D}
		{268B839D-7AA0-47A2-A3C8-3AF593E47C6D} = {C7F9E2B4-8A3D-4F5C-1D2E-6F4F3E9B2C5D}
		{9ABDFD1A-287B-426F-AAE4-67DCA45A3D10} = {C7F9E2B4-8A3D-4F5C-1D2E-6F4F3E9B2C5D}
		{E945FD0B-8CF0-4AF8-A416-531243C6FD0B} = {D8A0F3C5-9B4E-5A6D-2E3F-7B5A4F0C3D6E}
		{68BB8BFA-3E5B-41D9-A7EF-8DCF1687AE9D} = {D8A0F3C5-9B4E-5A6D-2E3F-7B5A4F0C3D6E}
		{2B678F61-A197-4A90-BD89-DBCE474016E3} = {D8A0F3C5-9B4E-5A6D-2E3F-7B5A4F0C3D6E}
		{E7D8335C-6742-4BF8-811C-9132CCDEFD7B} = {D8A0F3C5-9B4E-5A6D-2E3F-7B5A4F0C3D6E}
		{D985B70F-A09E-4102-809B-79BE5618D6E3} = {D8A0F3C5-9B4E-5A6D-2E3F-7B5A4F0C3D6E}
		{4AFE4E65-C1C4-4B2A-8D75-99CBAAA206AC} = {E9B1A4D6-0C5F-6B7E-3F4A-8C6B5A1D4E7F}
		{2E8E2383-2762-4E8D-802E-3EAB9FBB8F77} = {E9B1A4D6-0C5F-6B7E-3F4A-8C6B5A1D4E7F}
		{B3FC2AED-999A-4EAB-9510-02A7CCEF1D95} = {E9B1A4D6-0C5F-6B7E-3F4A-8C6B5A1D4E7F}
		{3EEC8C3C-289C-4237-91FD-01BC5A3A9C05} = {E9B1A4D6-0C5F-6B7E-3F4A-8C6B5A1D4E7F}
		{09EDD0A5-7E25-40FA-800F-677AEC06133B} = {E9B1A4D6-0C5F-6B7E-3F4A-8C6B5A1D4E7F}
		{B8522FEF-1678-4393-BD07-EAF9D475CDEC} = {F0C2B5E7-1D6A-7C8F-4A5B-9D7C6B2E5F8A}
		{717B9063-FFD2-4290-97B8-4E6BF2A5882F} = {F0C2B5E7-1D6A-7C8F-4A5B-9D7C6B2E5F8A}
		{0AACE7F0-E73C-45B8-9E67-564E97A5F86C} = {F0C2B5E7-1D6A-7C8F-4A5B-9D7C6B2E5F8A}
		{F5E8B3F7-6A4A-F771-635F-6B8359E1A398} = {F0C2B5E7-1D6A-7C8F-4A5B-9D7C6B2E5F8A}
		{5C1AB00F-2737-F193-60DC-7AC5A0CE66A6} = {A1D3C6F8-2E7B-8D9A-5B6C-0E8D7C3F6A9B}
		{59D14520-6974-4BFE-E1AC-5A48900545EF} = {A1D3C6F8-2E7B-8D9A-5B6C-0E8D7C3F6A9B}
		{894104D6-A8C1-BDD4-6B38-4AA6ACFBA5C3} = {A1D3C6F8-2E7B-8D9A-5B6C-0E8D7C3F6A9B}
		{905F97F2-2375-6994-998F-0C544E24F06C} = {A1D3C6F8-2E7B-8D9A-5B6C-0E8D7C3F6A9B}
		{E055C054-E322-9A3B-82AE-3CCA635A747E} = {A1D3C6F8-2E7B-8D9A-5B6C-0E8D7C3F6A9B}
		{F9F554A1-843D-41E1-B43F-CFC620461B0F} = {2D12D63F-FBB1-4D52-872D-3BEA0BD06E67}
		{6CE7CB9E-84C4-4461-8123-A566EFC804A7} = {2D12D63F-FBB1-4D52-872D-3BEA0BD06E67}
		{6EEDAF65-E553-4FA5-9521-076002EDCB0A} = {2D12D63F-FBB1-4D52-872D-3BEA0BD06E67}
		{796432E6-1447-4BE9-A36C-ACE5A0AB6FC3} = {2D12D63F-FBB1-4D52-872D-3BEA0BD06E67}
		{43B76DF6-FEF4-4E88-8A3B-86A24026CDEA} = {2D12D63F-FBB1-4D52-872D-3BEA0BD06E67}
		{77A8FAB3-34C4-4D6D-9D76-6FE93F575516} = {2D12D63F-FBB1-4D52-872D-3BEA0BD06E67}
		{44ED4ADE-4ACC-0774-B997-C40447A4FD9A} = {2D12D63F-FBB1-4D52-872D-3BEA0BD06E67}
		{9D9250A7-87A8-3BB0-1809-87353CE8A07D} = {2D12D63F-FBB1-4D52-872D-3BEA0BD06E67}
		{FC39D78C-777A-5478-633A-9FF5A26D5640} = {2D12D63F-FBB1-4D52-872D-3BEA0BD06E67}
		{FD2AF1DF-6B89-5C41-741B-244DA2DDBEC3} = {2D12D63F-FBB1-4D52-872D-3BEA0BD06E67}
		{AB18B45E-93F0-B650-5FA5-F8FD6E07BA2D} = {2D12D63F-FBB1-4D52-872D-3BEA0BD06E67}
		{7579DEFE-B845-5C4A-EAA4-52B46CA03634} = {2D12D63F-FBB1-4D52-872D-3BEA0BD06E67}
		{4A75EFB0-7D55-4AA1-908F-CA086F404AA1} = {AE6EF127-4F9D-463E-AFEB-3AA3D464F645}
		{D822C915-9CE3-4EAF-97BA-8EC6BF78D257} = {AE6EF127-4F9D-463E-AFEB-3AA3D464F645}
		{E59D1E31-EA19-4835-B5EC-26687ABF2C2D} = {AE6EF127-4F9D-463E-AFEB-3AA3D464F645}
		{5ED6BB4B-AEC9-470E-B62C-EC95C8CBFA36} = {AE6EF127-4F9D-463E-AFEB-3AA3D464F645}
		{007C4AD4-941A-4E3B-9BAF-46C94C52A6B4} = {AE6EF127-4F9D-463E-AFEB-3AA3D464F645}
		{B8E3E780-1465-402C-BBAA-8E00B76B27B1} = {AE6EF127-4F9D-463E-AFEB-3AA3D464F645}
		{E9F59242-42AB-4B5B-92C7-3B3A7796F416} = {AE6EF127-4F9D-463E-AFEB-3AA3D464F645}
		{BF6F0D73-70A5-45F8-8602-A0E42C91F6B3} = {AE6EF127-4F9D-463E-AFEB-3AA3D464F645}
		{C3DF9922-3DEB-4F8C-9E92-85B5BC35F6DB} = {AE6EF127-4F9D-463E-AFEB-3AA3D464F645}
		{0CBF4A4E-29A1-4F40-A38A-F8AA1BC1F3AC} = {AE6EF127-4F9D-463E-AFEB-3AA3D464F645}
		{02AB9C65-045B-44F4-BE98-B3DF2B6E0D8E} = {AE6EF127-4F9D-463E-AFEB-3AA3D464F645}
		{FBBC2F15-6D6B-4A25-A4E4-9AF734A48780} = {AE6EF127-4F9D-463E-AFEB-3AA3D464F645}
		{9F8E71FF-3A3C-4CE2-9D8F-2DA7BD7A9E0C} = {AE6EF127-4F9D-463E-AFEB-3AA3D464F645}
		{5FE9E7B4-3F3F-4CDE-A746-8B686BB8AA81} = {C3DF9922-3DEB-4F8C-9E92-85B5BC35F6DB}
	EndGlobalSection
	GlobalSection(ExtensibilityGlobals) = postSolution
		SolutionGuid = {762A0BB9-F061-4D79-B76B-493DC0B3EC0E}
	EndGlobalSection
EndGlobal

